{
    "version": 3,
    "terraform_version": "0.11.7",
    "serial": 2,
    "lineage": "6aec6961-9500-7448-fd97-1cf97e483b1b",
    "modules": [
        {
            "path": [
                "root"
            ],
            "outputs": {},
            "resources": {},
            "depends_on": []
        },
        {
            "path": [
                "root",
                "vpc",
                "vpc"
            ],
            "outputs": {
                "database_subnet_group": {
                    "sensitive": false,
                    "type": "string",
                    "value": ""
                },
                "database_subnets": {
                    "sensitive": false,
                    "type": "list",
                    "value": []
                },
                "database_subnets_cidr_blocks": {
                    "sensitive": false,
                    "type": "list",
                    "value": []
                },
                "default_network_acl_id": {
                    "sensitive": false,
                    "type": "string",
                    "value": "acl-0807ed7b13c87038b"
                },
                "default_route_table_id": {
                    "sensitive": false,
                    "type": "string",
                    "value": "rtb-044ec173381308116"
                },
                "default_security_group_id": {
                    "sensitive": false,
                    "type": "string",
                    "value": "sg-0ec4475cb64e0c797"
                },
                "default_vpc_cidr_block": {
                    "sensitive": false,
                    "type": "string",
                    "value": ""
                },
                "default_vpc_default_network_acl_id": {
                    "sensitive": false,
                    "type": "string",
                    "value": ""
                },
                "default_vpc_default_route_table_id": {
                    "sensitive": false,
                    "type": "string",
                    "value": ""
                },
                "default_vpc_default_security_group_id": {
                    "sensitive": false,
                    "type": "string",
                    "value": ""
                },
                "default_vpc_enable_dns_hostnames": {
                    "sensitive": false,
                    "type": "string",
                    "value": ""
                },
                "default_vpc_enable_dns_support": {
                    "sensitive": false,
                    "type": "string",
                    "value": ""
                },
                "default_vpc_id": {
                    "sensitive": false,
                    "type": "string",
                    "value": ""
                },
                "default_vpc_instance_tenancy": {
                    "sensitive": false,
                    "type": "string",
                    "value": ""
                },
                "default_vpc_main_route_table_id": {
                    "sensitive": false,
                    "type": "string",
                    "value": ""
                },
                "elasticache_subnet_group": {
                    "sensitive": false,
                    "type": "string",
                    "value": ""
                },
                "elasticache_subnet_group_name": {
                    "sensitive": false,
                    "type": "string",
                    "value": ""
                },
                "elasticache_subnets": {
                    "sensitive": false,
                    "type": "list",
                    "value": []
                },
                "elasticache_subnets_cidr_blocks": {
                    "sensitive": false,
                    "type": "list",
                    "value": []
                },
                "igw_id": {
                    "sensitive": false,
                    "type": "string",
                    "value": "igw-0c4fa336462789602"
                },
                "intra_route_table_ids": {
                    "sensitive": false,
                    "type": "list",
                    "value": []
                },
                "intra_subnets": {
                    "sensitive": false,
                    "type": "list",
                    "value": []
                },
                "intra_subnets_cidr_blocks": {
                    "sensitive": false,
                    "type": "list",
                    "value": []
                },
                "nat_ids": {
                    "sensitive": false,
                    "type": "list",
                    "value": [
                        "eipalloc-03665aff41463d1b3"
                    ]
                },
                "nat_public_ips": {
                    "sensitive": false,
                    "type": "list",
                    "value": [
                        "52.215.137.8"
                    ]
                },
                "natgw_ids": {
                    "sensitive": false,
                    "type": "list",
                    "value": [
                        "nat-057c406fd56e1db34"
                    ]
                },
                "private_route_table_ids": {
                    "sensitive": false,
                    "type": "list",
                    "value": [
                        "rtb-0d63eaa29d390707f"
                    ]
                },
                "private_subnets": {
                    "sensitive": false,
                    "type": "list",
                    "value": [
                        "subnet-03af7ac8e51da569c",
                        "subnet-05fdad58c4cc9f978",
                        "subnet-0517dcfc03770879e"
                    ]
                },
                "private_subnets_cidr_blocks": {
                    "sensitive": false,
                    "type": "list",
                    "value": [
                        "10.0.1.0/24",
                        "10.0.2.0/24",
                        "10.0.3.0/24"
                    ]
                },
                "public_route_table_ids": {
                    "sensitive": false,
                    "type": "list",
                    "value": [
                        "rtb-095ec762fcbb201a5"
                    ]
                },
                "public_subnets": {
                    "sensitive": false,
                    "type": "list",
                    "value": [
                        "subnet-0b8d0a40f78d7bfaf",
                        "subnet-0099dd48e43370367",
                        "subnet-0b2e8e23c19596e0c"
                    ]
                },
                "public_subnets_cidr_blocks": {
                    "sensitive": false,
                    "type": "list",
                    "value": [
                        "10.0.101.0/24",
                        "10.0.102.0/24",
                        "10.0.103.0/24"
                    ]
                },
                "redshift_subnet_group": {
                    "sensitive": false,
                    "type": "string",
                    "value": ""
                },
                "redshift_subnets": {
                    "sensitive": false,
                    "type": "list",
                    "value": []
                },
                "redshift_subnets_cidr_blocks": {
                    "sensitive": false,
                    "type": "list",
                    "value": []
                },
                "vgw_id": {
                    "sensitive": false,
                    "type": "string",
                    "value": ""
                },
                "vpc_cidr_block": {
                    "sensitive": false,
                    "type": "string",
                    "value": "10.0.0.0/16"
                },
                "vpc_enable_dns_hostnames": {
                    "sensitive": false,
                    "type": "string",
                    "value": "true"
                },
                "vpc_enable_dns_support": {
                    "sensitive": false,
                    "type": "string",
                    "value": "true"
                },
                "vpc_endpoint_dynamodb_id": {
                    "sensitive": false,
                    "type": "string",
                    "value": ""
                },
                "vpc_endpoint_dynamodb_pl_id": {
                    "sensitive": false,
                    "type": "string",
                    "value": ""
                },
                "vpc_endpoint_s3_id": {
                    "sensitive": false,
                    "type": "string",
                    "value": ""
                },
                "vpc_endpoint_s3_pl_id": {
                    "sensitive": false,
                    "type": "string",
                    "value": ""
                },
                "vpc_id": {
                    "sensitive": false,
                    "type": "string",
                    "value": "vpc-07fdf06b9b3b767bb"
                },
                "vpc_instance_tenancy": {
                    "sensitive": false,
                    "type": "string",
                    "value": "default"
                },
                "vpc_main_route_table_id": {
                    "sensitive": false,
                    "type": "string",
                    "value": "rtb-044ec173381308116"
                }
            },
            "resources": {
                "aws_eip.nat": {
                    "type": "aws_eip",
                    "depends_on": [
                        "local.nat_gateway_count"
                    ],
                    "primary": {
                        "id": "eipalloc-03665aff41463d1b3",
                        "attributes": {
                            "association_id": "eipassoc-20db06fa",
                            "domain": "vpc",
                            "id": "eipalloc-03665aff41463d1b3",
                            "instance": "",
                            "network_interface": "eni-0d2804230c8941df6",
                            "private_ip": "10.0.101.185",
                            "public_ip": "52.215.137.8",
                            "tags.%": "3",
                            "tags.Environment": "dev",
                            "tags.Name": "dev-vpc-eu-west-1a",
                            "tags.Terraform": "true",
                            "vpc": "true"
                        },
                        "meta": {
                            "e2bfb730-ecaa-11e6-8f88-34363bc7c4c0": {
                                "delete": 180000000000,
                                "read": 900000000000,
                                "update": 300000000000
                            }
                        },
                        "tainted": false
                    },
                    "deposed": [],
                    "provider": "module.vpc.provider.aws"
                },
                "aws_internet_gateway.this": {
                    "type": "aws_internet_gateway",
                    "depends_on": [
                        "aws_vpc.this"
                    ],
                    "primary": {
                        "id": "igw-0c4fa336462789602",
                        "attributes": {
                            "id": "igw-0c4fa336462789602",
                            "tags.%": "3",
                            "tags.Environment": "dev",
                            "tags.Name": "dev-vpc",
                            "tags.Terraform": "true",
                            "vpc_id": "vpc-07fdf06b9b3b767bb"
                        },
                        "meta": {},
                        "tainted": false
                    },
                    "deposed": [],
                    "provider": "module.vpc.provider.aws"
                },
                "aws_nat_gateway.this": {
                    "type": "aws_nat_gateway",
                    "depends_on": [
                        "aws_internet_gateway.this",
                        "aws_subnet.public.*",
                        "local.nat_gateway_count",
                        "local.nat_gateway_ips"
                    ],
                    "primary": {
                        "id": "nat-057c406fd56e1db34",
                        "attributes": {
                            "allocation_id": "eipalloc-03665aff41463d1b3",
                            "id": "nat-057c406fd56e1db34",
                            "network_interface_id": "eni-0d2804230c8941df6",
                            "private_ip": "10.0.101.185",
                            "public_ip": "52.215.137.8",
                            "subnet_id": "subnet-0b8d0a40f78d7bfaf",
                            "tags.%": "3",
                            "tags.Environment": "dev",
                            "tags.Name": "dev-vpc-eu-west-1a",
                            "tags.Terraform": "true"
                        },
                        "meta": {},
                        "tainted": false
                    },
                    "deposed": [],
                    "provider": "module.vpc.provider.aws"
                },
                "aws_route.private_nat_gateway": {
                    "type": "aws_route",
                    "depends_on": [
                        "aws_nat_gateway.this.*",
                        "aws_route_table.private.*",
                        "local.nat_gateway_count"
                    ],
                    "primary": {
                        "id": "r-rtb-0d63eaa29d390707f1080289494",
                        "attributes": {
                            "destination_cidr_block": "0.0.0.0/0",
                            "destination_prefix_list_id": "",
                            "egress_only_gateway_id": "",
                            "gateway_id": "",
                            "id": "r-rtb-0d63eaa29d390707f1080289494",
                            "instance_id": "",
                            "instance_owner_id": "",
                            "nat_gateway_id": "nat-057c406fd56e1db34",
                            "network_interface_id": "",
                            "origin": "CreateRoute",
                            "route_table_id": "rtb-0d63eaa29d390707f",
                            "state": "active",
                            "vpc_peering_connection_id": ""
                        },
                        "meta": {
                            "e2bfb730-ecaa-11e6-8f88-34363bc7c4c0": {
                                "create": 300000000000,
                                "delete": 300000000000
                            }
                        },
                        "tainted": false
                    },
                    "deposed": [],
                    "provider": "module.vpc.provider.aws"
                },
                "aws_route.public_internet_gateway": {
                    "type": "aws_route",
                    "depends_on": [
                        "aws_internet_gateway.this",
                        "aws_route_table.public"
                    ],
                    "primary": {
                        "id": "r-rtb-095ec762fcbb201a51080289494",
                        "attributes": {
                            "destination_cidr_block": "0.0.0.0/0",
                            "destination_prefix_list_id": "",
                            "egress_only_gateway_id": "",
                            "gateway_id": "igw-0c4fa336462789602",
                            "id": "r-rtb-095ec762fcbb201a51080289494",
                            "instance_id": "",
                            "instance_owner_id": "",
                            "nat_gateway_id": "",
                            "network_interface_id": "",
                            "origin": "CreateRoute",
                            "route_table_id": "rtb-095ec762fcbb201a5",
                            "state": "active",
                            "vpc_peering_connection_id": ""
                        },
                        "meta": {
                            "e2bfb730-ecaa-11e6-8f88-34363bc7c4c0": {
                                "create": 300000000000,
                                "delete": 300000000000
                            }
                        },
                        "tainted": false
                    },
                    "deposed": [],
                    "provider": "module.vpc.provider.aws"
                },
                "aws_route_table.private": {
                    "type": "aws_route_table",
                    "depends_on": [
                        "aws_vpc.this",
                        "local.max_subnet_length",
                        "local.nat_gateway_count"
                    ],
                    "primary": {
                        "id": "rtb-0d63eaa29d390707f",
                        "attributes": {
                            "id": "rtb-0d63eaa29d390707f",
                            "propagating_vgws.#": "0",
                            "route.#": "1",
                            "route.3406132933.cidr_block": "0.0.0.0/0",
                            "route.3406132933.egress_only_gateway_id": "",
                            "route.3406132933.gateway_id": "",
                            "route.3406132933.instance_id": "",
                            "route.3406132933.ipv6_cidr_block": "",
                            "route.3406132933.nat_gateway_id": "nat-057c406fd56e1db34",
                            "route.3406132933.network_interface_id": "",
                            "route.3406132933.vpc_peering_connection_id": "",
                            "tags.%": "3",
                            "tags.Environment": "dev",
                            "tags.Name": "dev-vpc-private",
                            "tags.Terraform": "true",
                            "vpc_id": "vpc-07fdf06b9b3b767bb"
                        },
                        "meta": {},
                        "tainted": false
                    },
                    "deposed": [],
                    "provider": "module.vpc.provider.aws"
                },
                "aws_route_table.public": {
                    "type": "aws_route_table",
                    "depends_on": [
                        "aws_vpc.this"
                    ],
                    "primary": {
                        "id": "rtb-095ec762fcbb201a5",
                        "attributes": {
                            "id": "rtb-095ec762fcbb201a5",
                            "propagating_vgws.#": "0",
                            "route.#": "1",
                            "route.3335508855.cidr_block": "0.0.0.0/0",
                            "route.3335508855.egress_only_gateway_id": "",
                            "route.3335508855.gateway_id": "igw-0c4fa336462789602",
                            "route.3335508855.instance_id": "",
                            "route.3335508855.ipv6_cidr_block": "",
                            "route.3335508855.nat_gateway_id": "",
                            "route.3335508855.network_interface_id": "",
                            "route.3335508855.vpc_peering_connection_id": "",
                            "tags.%": "3",
                            "tags.Environment": "dev",
                            "tags.Name": "dev-vpc-public",
                            "tags.Terraform": "true",
                            "vpc_id": "vpc-07fdf06b9b3b767bb"
                        },
                        "meta": {},
                        "tainted": false
                    },
                    "deposed": [],
                    "provider": "module.vpc.provider.aws"
                },
                "aws_route_table_association.private.0": {
                    "type": "aws_route_table_association",
                    "depends_on": [
                        "aws_route_table.private.*",
                        "aws_subnet.private.*"
                    ],
                    "primary": {
                        "id": "rtbassoc-01a24877058427e3b",
                        "attributes": {
                            "id": "rtbassoc-01a24877058427e3b",
                            "route_table_id": "rtb-0d63eaa29d390707f",
                            "subnet_id": "subnet-03af7ac8e51da569c"
                        },
                        "meta": {},
                        "tainted": false
                    },
                    "deposed": [],
                    "provider": "module.vpc.provider.aws"
                },
                "aws_route_table_association.private.1": {
                    "type": "aws_route_table_association",
                    "depends_on": [
                        "aws_route_table.private.*",
                        "aws_subnet.private.*"
                    ],
                    "primary": {
                        "id": "rtbassoc-05db3e43555d49ac4",
                        "attributes": {
                            "id": "rtbassoc-05db3e43555d49ac4",
                            "route_table_id": "rtb-0d63eaa29d390707f",
                            "subnet_id": "subnet-05fdad58c4cc9f978"
                        },
                        "meta": {},
                        "tainted": false
                    },
                    "deposed": [],
                    "provider": "module.vpc.provider.aws"
                },
                "aws_route_table_association.private.2": {
                    "type": "aws_route_table_association",
                    "depends_on": [
                        "aws_route_table.private.*",
                        "aws_subnet.private.*"
                    ],
                    "primary": {
                        "id": "rtbassoc-08e382750b0fb932c",
                        "attributes": {
                            "id": "rtbassoc-08e382750b0fb932c",
                            "route_table_id": "rtb-0d63eaa29d390707f",
                            "subnet_id": "subnet-0517dcfc03770879e"
                        },
                        "meta": {},
                        "tainted": false
                    },
                    "deposed": [],
                    "provider": "module.vpc.provider.aws"
                },
                "aws_route_table_association.public.0": {
                    "type": "aws_route_table_association",
                    "depends_on": [
                        "aws_route_table.public",
                        "aws_subnet.public.*"
                    ],
                    "primary": {
                        "id": "rtbassoc-04ee3bb84ed5923f1",
                        "attributes": {
                            "id": "rtbassoc-04ee3bb84ed5923f1",
                            "route_table_id": "rtb-095ec762fcbb201a5",
                            "subnet_id": "subnet-0b8d0a40f78d7bfaf"
                        },
                        "meta": {},
                        "tainted": false
                    },
                    "deposed": [],
                    "provider": "module.vpc.provider.aws"
                },
                "aws_route_table_association.public.1": {
                    "type": "aws_route_table_association",
                    "depends_on": [
                        "aws_route_table.public",
                        "aws_subnet.public.*"
                    ],
                    "primary": {
                        "id": "rtbassoc-0338757cc34e093e2",
                        "attributes": {
                            "id": "rtbassoc-0338757cc34e093e2",
                            "route_table_id": "rtb-095ec762fcbb201a5",
                            "subnet_id": "subnet-0099dd48e43370367"
                        },
                        "meta": {},
                        "tainted": false
                    },
                    "deposed": [],
                    "provider": "module.vpc.provider.aws"
                },
                "aws_route_table_association.public.2": {
                    "type": "aws_route_table_association",
                    "depends_on": [
                        "aws_route_table.public",
                        "aws_subnet.public.*"
                    ],
                    "primary": {
                        "id": "rtbassoc-0ecea506003bec0ea",
                        "attributes": {
                            "id": "rtbassoc-0ecea506003bec0ea",
                            "route_table_id": "rtb-095ec762fcbb201a5",
                            "subnet_id": "subnet-0b2e8e23c19596e0c"
                        },
                        "meta": {},
                        "tainted": false
                    },
                    "deposed": [],
                    "provider": "module.vpc.provider.aws"
                },
                "aws_subnet.private.0": {
                    "type": "aws_subnet",
                    "depends_on": [
                        "aws_vpc.this"
                    ],
                    "primary": {
                        "id": "subnet-03af7ac8e51da569c",
                        "attributes": {
                            "assign_ipv6_address_on_creation": "false",
                            "availability_zone": "eu-west-1a",
                            "cidr_block": "10.0.1.0/24",
                            "id": "subnet-03af7ac8e51da569c",
                            "map_public_ip_on_launch": "false",
                            "tags.%": "3",
                            "tags.Environment": "dev",
                            "tags.Name": "dev-vpc-private-eu-west-1a",
                            "tags.Terraform": "true",
                            "vpc_id": "vpc-07fdf06b9b3b767bb"
                        },
                        "meta": {
                            "schema_version": "1"
                        },
                        "tainted": false
                    },
                    "deposed": [],
                    "provider": "module.vpc.provider.aws"
                },
                "aws_subnet.private.1": {
                    "type": "aws_subnet",
                    "depends_on": [
                        "aws_vpc.this"
                    ],
                    "primary": {
                        "id": "subnet-05fdad58c4cc9f978",
                        "attributes": {
                            "assign_ipv6_address_on_creation": "false",
                            "availability_zone": "eu-west-1b",
                            "cidr_block": "10.0.2.0/24",
                            "id": "subnet-05fdad58c4cc9f978",
                            "map_public_ip_on_launch": "false",
                            "tags.%": "3",
                            "tags.Environment": "dev",
                            "tags.Name": "dev-vpc-private-eu-west-1b",
                            "tags.Terraform": "true",
                            "vpc_id": "vpc-07fdf06b9b3b767bb"
                        },
                        "meta": {
                            "schema_version": "1"
                        },
                        "tainted": false
                    },
                    "deposed": [],
                    "provider": "module.vpc.provider.aws"
                },
                "aws_subnet.private.2": {
                    "type": "aws_subnet",
                    "depends_on": [
                        "aws_vpc.this"
                    ],
                    "primary": {
                        "id": "subnet-0517dcfc03770879e",
                        "attributes": {
                            "assign_ipv6_address_on_creation": "false",
                            "availability_zone": "eu-west-1c",
                            "cidr_block": "10.0.3.0/24",
                            "id": "subnet-0517dcfc03770879e",
                            "map_public_ip_on_launch": "false",
                            "tags.%": "3",
                            "tags.Environment": "dev",
                            "tags.Name": "dev-vpc-private-eu-west-1c",
                            "tags.Terraform": "true",
                            "vpc_id": "vpc-07fdf06b9b3b767bb"
                        },
                        "meta": {
                            "schema_version": "1"
                        },
                        "tainted": false
                    },
                    "deposed": [],
                    "provider": "module.vpc.provider.aws"
                },
                "aws_subnet.public.0": {
                    "type": "aws_subnet",
                    "depends_on": [
                        "aws_vpc.this"
                    ],
                    "primary": {
                        "id": "subnet-0b8d0a40f78d7bfaf",
                        "attributes": {
                            "assign_ipv6_address_on_creation": "false",
                            "availability_zone": "eu-west-1a",
                            "cidr_block": "10.0.101.0/24",
                            "id": "subnet-0b8d0a40f78d7bfaf",
                            "map_public_ip_on_launch": "true",
                            "tags.%": "3",
                            "tags.Environment": "dev",
                            "tags.Name": "dev-vpc-public-eu-west-1a",
                            "tags.Terraform": "true",
                            "vpc_id": "vpc-07fdf06b9b3b767bb"
                        },
                        "meta": {
                            "schema_version": "1"
                        },
                        "tainted": false
                    },
                    "deposed": [],
                    "provider": "module.vpc.provider.aws"
                },
                "aws_subnet.public.1": {
                    "type": "aws_subnet",
                    "depends_on": [
                        "aws_vpc.this"
                    ],
                    "primary": {
                        "id": "subnet-0099dd48e43370367",
                        "attributes": {
                            "assign_ipv6_address_on_creation": "false",
                            "availability_zone": "eu-west-1b",
                            "cidr_block": "10.0.102.0/24",
                            "id": "subnet-0099dd48e43370367",
                            "map_public_ip_on_launch": "true",
                            "tags.%": "3",
                            "tags.Environment": "dev",
                            "tags.Name": "dev-vpc-public-eu-west-1b",
                            "tags.Terraform": "true",
                            "vpc_id": "vpc-07fdf06b9b3b767bb"
                        },
                        "meta": {
                            "schema_version": "1"
                        },
                        "tainted": false
                    },
                    "deposed": [],
                    "provider": "module.vpc.provider.aws"
                },
                "aws_subnet.public.2": {
                    "type": "aws_subnet",
                    "depends_on": [
                        "aws_vpc.this"
                    ],
                    "primary": {
                        "id": "subnet-0b2e8e23c19596e0c",
                        "attributes": {
                            "assign_ipv6_address_on_creation": "false",
                            "availability_zone": "eu-west-1c",
                            "cidr_block": "10.0.103.0/24",
                            "id": "subnet-0b2e8e23c19596e0c",
                            "map_public_ip_on_launch": "true",
                            "tags.%": "3",
                            "tags.Environment": "dev",
                            "tags.Name": "dev-vpc-public-eu-west-1c",
                            "tags.Terraform": "true",
                            "vpc_id": "vpc-07fdf06b9b3b767bb"
                        },
                        "meta": {
                            "schema_version": "1"
                        },
                        "tainted": false
                    },
                    "deposed": [],
                    "provider": "module.vpc.provider.aws"
                },
                "aws_vpc.this": {
                    "type": "aws_vpc",
                    "depends_on": [],
                    "primary": {
                        "id": "vpc-07fdf06b9b3b767bb",
                        "attributes": {
                            "arn": "arn:aws:ec2:eu-west-1:506127536868:vpc/vpc-07fdf06b9b3b767bb",
                            "assign_generated_ipv6_cidr_block": "false",
                            "cidr_block": "10.0.0.0/16",
                            "default_network_acl_id": "acl-0807ed7b13c87038b",
                            "default_route_table_id": "rtb-044ec173381308116",
                            "default_security_group_id": "sg-0ec4475cb64e0c797",
                            "dhcp_options_id": "dopt-f81c709c",
                            "enable_classiclink": "false",
                            "enable_classiclink_dns_support": "false",
                            "enable_dns_hostnames": "true",
                            "enable_dns_support": "true",
                            "id": "vpc-07fdf06b9b3b767bb",
                            "instance_tenancy": "default",
                            "main_route_table_id": "rtb-044ec173381308116",
                            "tags.%": "3",
                            "tags.Environment": "dev",
                            "tags.Name": "dev-vpc",
                            "tags.Terraform": "true"
                        },
                        "meta": {
                            "schema_version": "1"
                        },
                        "tainted": false
                    },
                    "deposed": [],
                    "provider": "module.vpc.provider.aws"
                }
            },
            "depends_on": []
        }
    ]
}
