{
    "version": 3,
    "terraform_version": "0.11.7",
    "serial": 11,
    "lineage": "6aec6961-9500-7448-fd97-1cf97e483b1b",
    "modules": [
        {
            "path": [
                "root"
            ],
            "outputs": {},
            "resources": {
                "aws_key_pair.ecs": {
                    "type": "aws_key_pair",
                    "depends_on": [],
                    "primary": {
                        "id": "dev",
                        "attributes": {
                            "fingerprint": "61:1c:67:fa:f2:b0:83:ac:47:27:c3:35:48:f7:f5:03",
                            "id": "dev",
                            "key_name": "dev",
                            "public_key": "ssh-rsa AAAAB3NzaC1yc2EAAAADAQABAAABAQDv0Zn1t/Rpqtc3DhXrP3d1c1i4d8YKBSb+FGvu10LUgFv/dooPPdKFhi7r2jfjxW4TwDEBNmZNy1BFhfubVyHjmJpTnnb84OJUAbGKWDoL3WS/dxDlzGFf3u9W08FlEmWmqT0Q0WXuXj+317CnWkXcNE5k2qMABP7FJoWLacTHFo3Qt4V875Wm+88JonI6yXnVdeDoRW8gPRV25b0FMitIF9M4ORve7uq+dCo6L/UspMnVwjV2R1vCoGHz7c8V1PwJ/cWMdAMHEdO3HARBogZo/gfotR6uzaDUTDrZR7QJQ6YPSB30Id2Vtz5D1ugeSVdOXHvVfuip3WDpN7GtwGS5 oluwafemi.olofintuyi@gmail.com"
                        },
                        "meta": {
                            "schema_version": "1"
                        },
                        "tainted": false
                    },
                    "deposed": [],
                    "provider": "provider.aws"
                }
            },
            "depends_on": []
        },
        {
            "path": [
                "root",
                "bastion"
            ],
            "outputs": {
                "bastion_sg_id": {
                    "sensitive": false,
                    "type": "string",
                    "value": "sg-08c0d82674ed8ea37"
                }
            },
            "resources": {
                "aws_autoscaling_group.asg": {
                    "type": "aws_autoscaling_group",
                    "depends_on": [
                        "aws_launch_configuration.lc"
                    ],
                    "primary": {
                        "id": "bastion-dev",
                        "attributes": {
                            "arn": "arn:aws:autoscaling:eu-west-1:506127536868:autoScalingGroup:8ed8556f-c9b7-4eef-b6a5-72c511d6987d:autoScalingGroupName/bastion-dev",
                            "availability_zones.#": "3",
                            "availability_zones.1924028850": "eu-west-1b",
                            "availability_zones.3953592328": "eu-west-1a",
                            "availability_zones.94988580": "eu-west-1c",
                            "default_cooldown": "300",
                            "desired_capacity": "1",
                            "enabled_metrics.#": "0",
                            "force_delete": "false",
                            "health_check_grace_period": "300",
                            "health_check_type": "EC2",
                            "id": "bastion-dev",
                            "launch_configuration": "bastion-dev-20180813211517456900000001",
                            "launch_template.#": "0",
                            "load_balancers.#": "0",
                            "max_size": "1",
                            "metrics_granularity": "1Minute",
                            "min_size": "1",
                            "name": "bastion-dev",
                            "placement_group": "",
                            "protect_from_scale_in": "false",
                            "service_linked_role_arn": "arn:aws:iam::506127536868:role/aws-service-role/autoscaling.amazonaws.com/AWSServiceRoleForAutoScaling",
                            "suspended_processes.#": "0",
                            "tag.#": "0",
                            "target_group_arns.#": "0",
                            "termination_policies.#": "1",
                            "termination_policies.0": "OldestInstance",
                            "vpc_zone_identifier.#": "3",
                            "vpc_zone_identifier.2856243679": "subnet-0b2e8e23c19596e0c",
                            "vpc_zone_identifier.2951248302": "subnet-0099dd48e43370367",
                            "vpc_zone_identifier.3442952340": "subnet-0b8d0a40f78d7bfaf",
                            "wait_for_capacity_timeout": "10m"
                        },
                        "meta": {
                            "e2bfb730-ecaa-11e6-8f88-34363bc7c4c0": {
                                "delete": 600000000000
                            }
                        },
                        "tainted": false
                    },
                    "deposed": [],
                    "provider": "provider.aws"
                },
                "aws_launch_configuration.lc": {
                    "type": "aws_launch_configuration",
                    "depends_on": [
                        "aws_security_group.bastion",
                        "data.aws_ami.stable_coreos"
                    ],
                    "primary": {
                        "id": "bastion-dev-20180813211517456900000001",
                        "attributes": {
                            "associate_public_ip_address": "true",
                            "ebs_block_device.#": "0",
                            "ebs_optimized": "false",
                            "enable_monitoring": "true",
                            "ephemeral_block_device.#": "0",
                            "iam_instance_profile": "",
                            "id": "bastion-dev-20180813211517456900000001",
                            "image_id": "ami-f6a49b90",
                            "instance_type": "t2.nano",
                            "key_name": "dev",
                            "name": "bastion-dev-20180813211517456900000001",
                            "name_prefix": "bastion-dev-",
                            "root_block_device.#": "0",
                            "security_groups.#": "1",
                            "security_groups.4083108490": "sg-08c0d82674ed8ea37",
                            "spot_price": "",
                            "vpc_classic_link_id": "",
                            "vpc_classic_link_security_groups.#": "0"
                        },
                        "meta": {},
                        "tainted": false
                    },
                    "deposed": [],
                    "provider": "provider.aws"
                },
                "aws_security_group.bastion": {
                    "type": "aws_security_group",
                    "depends_on": [],
                    "primary": {
                        "id": "sg-08c0d82674ed8ea37",
                        "attributes": {
                            "arn": "arn:aws:ec2:eu-west-1:506127536868:security-group/sg-08c0d82674ed8ea37",
                            "description": "dev Bastion SG",
                            "egress.#": "1",
                            "egress.482069346.cidr_blocks.#": "1",
                            "egress.482069346.cidr_blocks.0": "0.0.0.0/0",
                            "egress.482069346.description": "",
                            "egress.482069346.from_port": "0",
                            "egress.482069346.ipv6_cidr_blocks.#": "0",
                            "egress.482069346.prefix_list_ids.#": "0",
                            "egress.482069346.protocol": "-1",
                            "egress.482069346.security_groups.#": "0",
                            "egress.482069346.self": "false",
                            "egress.482069346.to_port": "0",
                            "id": "sg-08c0d82674ed8ea37",
                            "ingress.#": "0",
                            "name": "bastion-dev",
                            "owner_id": "506127536868",
                            "revoke_rules_on_delete": "false",
                            "tags.%": "0",
                            "vpc_id": "vpc-07fdf06b9b3b767bb"
                        },
                        "meta": {
                            "e2bfb730-ecaa-11e6-8f88-34363bc7c4c0": {
                                "create": 600000000000,
                                "delete": 600000000000
                            },
                            "schema_version": "1"
                        },
                        "tainted": false
                    },
                    "deposed": [],
                    "provider": "provider.aws"
                },
                "aws_security_group_rule.allow_all_out": {
                    "type": "aws_security_group_rule",
                    "depends_on": [
                        "aws_security_group.bastion"
                    ],
                    "primary": {
                        "id": "sgrule-2018767852",
                        "attributes": {
                            "cidr_blocks.#": "1",
                            "cidr_blocks.0": "0.0.0.0/0",
                            "description": "",
                            "from_port": "0",
                            "id": "sgrule-2018767852",
                            "ipv6_cidr_blocks.#": "0",
                            "prefix_list_ids.#": "0",
                            "protocol": "-1",
                            "security_group_id": "sg-08c0d82674ed8ea37",
                            "self": "false",
                            "to_port": "0",
                            "type": "egress"
                        },
                        "meta": {
                            "schema_version": "2"
                        },
                        "tainted": false
                    },
                    "deposed": [],
                    "provider": "provider.aws"
                },
                "data.aws_ami.stable_coreos": {
                    "type": "aws_ami",
                    "depends_on": [],
                    "primary": {
                        "id": "ami-f6a49b90",
                        "attributes": {
                            "architecture": "x86_64",
                            "block_device_mappings.#": "2",
                            "block_device_mappings.3607311014.device_name": "/dev/xvda",
                            "block_device_mappings.3607311014.ebs.%": "6",
                            "block_device_mappings.3607311014.ebs.delete_on_termination": "true",
                            "block_device_mappings.3607311014.ebs.encrypted": "false",
                            "block_device_mappings.3607311014.ebs.iops": "0",
                            "block_device_mappings.3607311014.ebs.snapshot_id": "snap-0e9657a8a33b503d6",
                            "block_device_mappings.3607311014.ebs.volume_size": "8",
                            "block_device_mappings.3607311014.ebs.volume_type": "standard",
                            "block_device_mappings.3607311014.no_device": "",
                            "block_device_mappings.3607311014.virtual_name": "",
                            "block_device_mappings.3754555969.device_name": "/dev/xvdb",
                            "block_device_mappings.3754555969.ebs.%": "0",
                            "block_device_mappings.3754555969.no_device": "",
                            "block_device_mappings.3754555969.virtual_name": "ephemeral0",
                            "creation_date": "2017-03-31T22:49:01.000Z",
                            "description": "CoreOS stable 1298.7.0 (HVM)",
                            "filter.#": "3",
                            "filter.2264250859.name": "description",
                            "filter.2264250859.values.#": "1",
                            "filter.2264250859.values.0": "CoreOS stable *",
                            "filter.3386043752.name": "architecture",
                            "filter.3386043752.values.#": "1",
                            "filter.3386043752.values.0": "x86_64",
                            "filter.490168357.name": "virtualization-type",
                            "filter.490168357.values.#": "1",
                            "filter.490168357.values.0": "hvm",
                            "hypervisor": "xen",
                            "id": "ami-f6a49b90",
                            "image_id": "ami-f6a49b90",
                            "image_location": "595879546273/CoreOS-stable-1298.7.0-hvm",
                            "image_type": "machine",
                            "most_recent": "true",
                            "name": "CoreOS-stable-1298.7.0-hvm",
                            "owner_id": "595879546273",
                            "owners.#": "1",
                            "owners.0": "595879546273",
                            "product_codes.#": "0",
                            "public": "true",
                            "root_device_name": "/dev/xvda",
                            "root_device_type": "ebs",
                            "root_snapshot_id": "snap-0e9657a8a33b503d6",
                            "sriov_net_support": "simple",
                            "state": "available",
                            "state_reason.%": "2",
                            "state_reason.code": "UNSET",
                            "state_reason.message": "UNSET",
                            "tags.%": "0",
                            "virtualization_type": "hvm"
                        },
                        "meta": {},
                        "tainted": false
                    },
                    "deposed": [],
                    "provider": "provider.aws"
                }
            },
            "depends_on": []
        },
        {
            "path": [
                "root",
                "ecs"
            ],
            "outputs": {
                "alb_dns_name": {
                    "sensitive": false,
                    "type": "string",
                    "value": "smava-dev-382892321.eu-west-1.elb.amazonaws.com"
                },
                "alb_zone_id": {
                    "sensitive": false,
                    "type": "string",
                    "value": "Z32O12XQLNTSW2"
                },
                "ecs_iam_role": {
                    "sensitive": false,
                    "type": "string",
                    "value": "arn:aws:iam::506127536868:role/smava-dev"
                },
                "http_listener_arn": {
                    "sensitive": false,
                    "type": "string",
                    "value": "arn:aws:elasticloadbalancing:eu-west-1:506127536868:listener/app/smava-dev/e43db22240d8c4e1/110436014e7522ec"
                }
            },
            "resources": {
                "aws_alb.alb": {
                    "type": "aws_alb",
                    "depends_on": [
                        "aws_security_group.lb_sg"
                    ],
                    "primary": {
                        "id": "arn:aws:elasticloadbalancing:eu-west-1:506127536868:loadbalancer/app/smava-dev/e43db22240d8c4e1",
                        "attributes": {
                            "access_logs.#": "0",
                            "arn": "arn:aws:elasticloadbalancing:eu-west-1:506127536868:loadbalancer/app/smava-dev/e43db22240d8c4e1",
                            "arn_suffix": "app/smava-dev/e43db22240d8c4e1",
                            "dns_name": "smava-dev-382892321.eu-west-1.elb.amazonaws.com",
                            "enable_deletion_protection": "false",
                            "enable_http2": "true",
                            "id": "arn:aws:elasticloadbalancing:eu-west-1:506127536868:loadbalancer/app/smava-dev/e43db22240d8c4e1",
                            "idle_timeout": "60",
                            "internal": "false",
                            "ip_address_type": "ipv4",
                            "load_balancer_type": "application",
                            "name": "smava-dev",
                            "security_groups.#": "1",
                            "security_groups.2167333722": "sg-0ff909bca6620c23a",
                            "subnet_mapping.#": "0",
                            "subnets.#": "3",
                            "subnets.2856243679": "subnet-0b2e8e23c19596e0c",
                            "subnets.2951248302": "subnet-0099dd48e43370367",
                            "subnets.3442952340": "subnet-0b8d0a40f78d7bfaf",
                            "tags.%": "2",
                            "tags.key": "stack",
                            "tags.name": "smava-dev",
                            "vpc_id": "vpc-07fdf06b9b3b767bb",
                            "zone_id": "Z32O12XQLNTSW2"
                        },
                        "meta": {
                            "e2bfb730-ecaa-11e6-8f88-34363bc7c4c0": {
                                "create": 600000000000,
                                "delete": 600000000000,
                                "update": 600000000000
                            }
                        },
                        "tainted": false
                    },
                    "deposed": [],
                    "provider": "provider.aws"
                },
                "aws_alb_listener.http": {
                    "type": "aws_alb_listener",
                    "depends_on": [
                        "aws_alb.alb",
                        "aws_alb_target_group.http"
                    ],
                    "primary": {
                        "id": "arn:aws:elasticloadbalancing:eu-west-1:506127536868:listener/app/smava-dev/e43db22240d8c4e1/110436014e7522ec",
                        "attributes": {
                            "arn": "arn:aws:elasticloadbalancing:eu-west-1:506127536868:listener/app/smava-dev/e43db22240d8c4e1/110436014e7522ec",
                            "default_action.#": "1",
                            "default_action.0.target_group_arn": "arn:aws:elasticloadbalancing:eu-west-1:506127536868:targetgroup/http-dev/4f552230b1b1b482",
                            "default_action.0.type": "forward",
                            "id": "arn:aws:elasticloadbalancing:eu-west-1:506127536868:listener/app/smava-dev/e43db22240d8c4e1/110436014e7522ec",
                            "load_balancer_arn": "arn:aws:elasticloadbalancing:eu-west-1:506127536868:loadbalancer/app/smava-dev/e43db22240d8c4e1",
                            "port": "80",
                            "protocol": "HTTP",
                            "ssl_policy": ""
                        },
                        "meta": {},
                        "tainted": false
                    },
                    "deposed": [],
                    "provider": "provider.aws"
                },
                "aws_alb_target_group.http": {
                    "type": "aws_alb_target_group",
                    "depends_on": [],
                    "primary": {
                        "id": "arn:aws:elasticloadbalancing:eu-west-1:506127536868:targetgroup/http-dev/4f552230b1b1b482",
                        "attributes": {
                            "arn": "arn:aws:elasticloadbalancing:eu-west-1:506127536868:targetgroup/http-dev/4f552230b1b1b482",
                            "arn_suffix": "targetgroup/http-dev/4f552230b1b1b482",
                            "deregistration_delay": "300",
                            "health_check.#": "1",
                            "health_check.0.healthy_threshold": "5",
                            "health_check.0.interval": "30",
                            "health_check.0.matcher": "200",
                            "health_check.0.path": "/",
                            "health_check.0.port": "traffic-port",
                            "health_check.0.protocol": "HTTP",
                            "health_check.0.timeout": "5",
                            "health_check.0.unhealthy_threshold": "2",
                            "id": "arn:aws:elasticloadbalancing:eu-west-1:506127536868:targetgroup/http-dev/4f552230b1b1b482",
                            "name": "http-dev",
                            "port": "80",
                            "protocol": "HTTP",
                            "proxy_protocol_v2": "false",
                            "slow_start": "0",
                            "stickiness.#": "1",
                            "stickiness.0.cookie_duration": "86400",
                            "stickiness.0.enabled": "false",
                            "stickiness.0.type": "lb_cookie",
                            "tags.%": "0",
                            "target_type": "instance",
                            "vpc_id": "vpc-07fdf06b9b3b767bb"
                        },
                        "meta": {},
                        "tainted": false
                    },
                    "deposed": [],
                    "provider": "provider.aws"
                },
                "aws_ecs_cluster.cluster": {
                    "type": "aws_ecs_cluster",
                    "depends_on": [],
                    "primary": {
                        "id": "arn:aws:ecs:eu-west-1:506127536868:cluster/smava-dev",
                        "attributes": {
                            "arn": "arn:aws:ecs:eu-west-1:506127536868:cluster/smava-dev",
                            "id": "arn:aws:ecs:eu-west-1:506127536868:cluster/smava-dev",
                            "name": "smava-dev"
                        },
                        "meta": {},
                        "tainted": false
                    },
                    "deposed": [],
                    "provider": "provider.aws"
                },
                "aws_security_group.lb_sg": {
                    "type": "aws_security_group",
                    "depends_on": [],
                    "primary": {
                        "id": "sg-0ff909bca6620c23a",
                        "attributes": {
                            "arn": "arn:aws:ec2:eu-west-1:506127536868:security-group/sg-0ff909bca6620c23a",
                            "description": "controls access to the application ALB",
                            "egress.#": "1",
                            "egress.482069346.cidr_blocks.#": "1",
                            "egress.482069346.cidr_blocks.0": "0.0.0.0/0",
                            "egress.482069346.description": "",
                            "egress.482069346.from_port": "0",
                            "egress.482069346.ipv6_cidr_blocks.#": "0",
                            "egress.482069346.prefix_list_ids.#": "0",
                            "egress.482069346.protocol": "-1",
                            "egress.482069346.security_groups.#": "0",
                            "egress.482069346.self": "false",
                            "egress.482069346.to_port": "0",
                            "id": "sg-0ff909bca6620c23a",
                            "ingress.#": "2",
                            "ingress.2214680975.cidr_blocks.#": "1",
                            "ingress.2214680975.cidr_blocks.0": "0.0.0.0/0",
                            "ingress.2214680975.description": "",
                            "ingress.2214680975.from_port": "80",
                            "ingress.2214680975.ipv6_cidr_blocks.#": "0",
                            "ingress.2214680975.protocol": "tcp",
                            "ingress.2214680975.security_groups.#": "0",
                            "ingress.2214680975.self": "false",
                            "ingress.2214680975.to_port": "80",
                            "ingress.2617001939.cidr_blocks.#": "1",
                            "ingress.2617001939.cidr_blocks.0": "0.0.0.0/0",
                            "ingress.2617001939.description": "",
                            "ingress.2617001939.from_port": "443",
                            "ingress.2617001939.ipv6_cidr_blocks.#": "0",
                            "ingress.2617001939.protocol": "tcp",
                            "ingress.2617001939.security_groups.#": "0",
                            "ingress.2617001939.self": "false",
                            "ingress.2617001939.to_port": "443",
                            "name": "smava-dev-alb",
                            "owner_id": "506127536868",
                            "revoke_rules_on_delete": "false",
                            "tags.%": "1",
                            "tags.Name": "smava-dev",
                            "vpc_id": "vpc-07fdf06b9b3b767bb"
                        },
                        "meta": {
                            "e2bfb730-ecaa-11e6-8f88-34363bc7c4c0": {
                                "create": 600000000000,
                                "delete": 600000000000
                            },
                            "schema_version": "1"
                        },
                        "tainted": false
                    },
                    "deposed": [],
                    "provider": "provider.aws"
                },
                "aws_security_group_rule.elb": {
                    "type": "aws_security_group_rule",
                    "depends_on": [
                        "aws_security_group.lb_sg",
                        "module.autoscaling"
                    ],
                    "primary": {
                        "id": "sgrule-4187849607",
                        "attributes": {
                            "cidr_blocks.#": "0",
                            "description": "",
                            "from_port": "32768",
                            "id": "sgrule-4187849607",
                            "ipv6_cidr_blocks.#": "0",
                            "prefix_list_ids.#": "0",
                            "protocol": "tcp",
                            "security_group_id": "sg-04637ed8cdb1ed52f",
                            "self": "false",
                            "source_security_group_id": "sg-0ff909bca6620c23a",
                            "to_port": "60999",
                            "type": "ingress"
                        },
                        "meta": {
                            "schema_version": "2"
                        },
                        "tainted": false
                    },
                    "deposed": [],
                    "provider": "provider.aws"
                }
            },
            "depends_on": []
        },
        {
            "path": [
                "root",
                "ecs-service"
            ],
            "outputs": {},
            "resources": {
                "aws_alb_listener_rule.http_rule": {
                    "type": "aws_alb_listener_rule",
                    "depends_on": [
                        "aws_alb_target_group.target"
                    ],
                    "primary": {
                        "id": "arn:aws:elasticloadbalancing:eu-west-1:506127536868:listener-rule/app/smava-dev/e43db22240d8c4e1/110436014e7522ec/dda52e0c866b64f3",
                        "attributes": {
                            "action.#": "1",
                            "action.0.target_group_arn": "arn:aws:elasticloadbalancing:eu-west-1:506127536868:targetgroup/smava-smava-web-dev/533e07e2c1b0430d",
                            "action.0.type": "forward",
                            "arn": "arn:aws:elasticloadbalancing:eu-west-1:506127536868:listener-rule/app/smava-dev/e43db22240d8c4e1/110436014e7522ec/dda52e0c866b64f3",
                            "condition.#": "1",
                            "condition.1160939699.field": "host-header",
                            "condition.1160939699.values.#": "1",
                            "condition.1160939699.values.0": "smava-app.mofesola.com",
                            "id": "arn:aws:elasticloadbalancing:eu-west-1:506127536868:listener-rule/app/smava-dev/e43db22240d8c4e1/110436014e7522ec/dda52e0c866b64f3",
                            "listener_arn": "arn:aws:elasticloadbalancing:eu-west-1:506127536868:listener/app/smava-dev/e43db22240d8c4e1/110436014e7522ec",
                            "priority": "2"
                        },
                        "meta": {},
                        "tainted": false
                    },
                    "deposed": [],
                    "provider": "provider.aws"
                },
                "aws_alb_target_group.target": {
                    "type": "aws_alb_target_group",
                    "depends_on": [],
                    "primary": {
                        "id": "arn:aws:elasticloadbalancing:eu-west-1:506127536868:targetgroup/smava-smava-web-dev/533e07e2c1b0430d",
                        "attributes": {
                            "arn": "arn:aws:elasticloadbalancing:eu-west-1:506127536868:targetgroup/smava-smava-web-dev/533e07e2c1b0430d",
                            "arn_suffix": "targetgroup/smava-smava-web-dev/533e07e2c1b0430d",
                            "deregistration_delay": "300",
                            "health_check.#": "1",
                            "health_check.0.healthy_threshold": "3",
                            "health_check.0.interval": "30",
                            "health_check.0.matcher": "200,301",
                            "health_check.0.path": "/health",
                            "health_check.0.port": "traffic-port",
                            "health_check.0.protocol": "HTTP",
                            "health_check.0.timeout": "5",
                            "health_check.0.unhealthy_threshold": "3",
                            "id": "arn:aws:elasticloadbalancing:eu-west-1:506127536868:targetgroup/smava-smava-web-dev/533e07e2c1b0430d",
                            "name": "smava-smava-web-dev",
                            "port": "80",
                            "protocol": "HTTP",
                            "proxy_protocol_v2": "false",
                            "slow_start": "0",
                            "stickiness.#": "1",
                            "stickiness.0.cookie_duration": "86400",
                            "stickiness.0.enabled": "false",
                            "stickiness.0.type": "lb_cookie",
                            "tags.%": "0",
                            "target_type": "instance",
                            "vpc_id": "vpc-07fdf06b9b3b767bb"
                        },
                        "meta": {},
                        "tainted": false
                    },
                    "deposed": [],
                    "provider": "provider.aws"
                },
                "aws_ecr_repository.repository": {
                    "type": "aws_ecr_repository",
                    "depends_on": [],
                    "primary": {
                        "id": "smava-smava-web-dev",
                        "attributes": {
                            "arn": "arn:aws:ecr:eu-west-1:506127536868:repository/smava-smava-web-dev",
                            "id": "smava-smava-web-dev",
                            "name": "smava-smava-web-dev",
                            "registry_id": "506127536868",
                            "repository_url": "506127536868.dkr.ecr.eu-west-1.amazonaws.com/smava-smava-web-dev"
                        },
                        "meta": {},
                        "tainted": false
                    },
                    "deposed": [],
                    "provider": "provider.aws"
                },
                "aws_ecr_repository.repository_nginx": {
                    "type": "aws_ecr_repository",
                    "depends_on": [],
                    "primary": {
                        "id": "smava-smava-web-nginx-dev",
                        "attributes": {
                            "arn": "arn:aws:ecr:eu-west-1:506127536868:repository/smava-smava-web-nginx-dev",
                            "id": "smava-smava-web-nginx-dev",
                            "name": "smava-smava-web-nginx-dev",
                            "registry_id": "506127536868",
                            "repository_url": "506127536868.dkr.ecr.eu-west-1.amazonaws.com/smava-smava-web-nginx-dev"
                        },
                        "meta": {},
                        "tainted": false
                    },
                    "deposed": [],
                    "provider": "provider.aws"
                },
                "aws_ecs_service.service": {
                    "type": "aws_ecs_service",
                    "depends_on": [
                        "aws_alb_target_group.target",
                        "aws_ecs_task_definition.task",
                        "data.aws_ecs_task_definition.task"
                    ],
                    "primary": {
                        "id": "arn:aws:ecs:eu-west-1:506127536868:service/smava-smava-web",
                        "attributes": {
                            "cluster": "smava-dev",
                            "deployment_maximum_percent": "200",
                            "deployment_minimum_healthy_percent": "50",
                            "desired_count": "1",
                            "health_check_grace_period_seconds": "0",
                            "iam_role": "arn:aws:iam::506127536868:role/smava-dev",
                            "id": "arn:aws:ecs:eu-west-1:506127536868:service/smava-smava-web",
                            "launch_type": "EC2",
                            "load_balancer.#": "1",
                            "load_balancer.4003052266.container_name": "smava-web-nginx",
                            "load_balancer.4003052266.container_port": "80",
                            "load_balancer.4003052266.elb_name": "",
                            "load_balancer.4003052266.target_group_arn": "arn:aws:elasticloadbalancing:eu-west-1:506127536868:targetgroup/smava-smava-web-dev/533e07e2c1b0430d",
                            "name": "smava-smava-web",
                            "network_configuration.#": "0",
                            "ordered_placement_strategy.#": "0",
                            "placement_constraints.#": "0",
                            "scheduling_strategy": "REPLICA",
                            "service_registries.#": "0",
                            "task_definition": "smava-smava-web-dev:1"
                        },
                        "meta": {},
                        "tainted": false
                    },
                    "deposed": [],
                    "provider": "provider.aws"
                },
                "aws_ecs_task_definition.task": {
                    "type": "aws_ecs_task_definition",
                    "depends_on": [
                        "aws_ecs_task_definition.task"
                    ],
                    "primary": {
                        "id": "smava-smava-web-dev",
                        "attributes": {
                            "arn": "arn:aws:ecs:eu-west-1:506127536868:task-definition/smava-smava-web-dev:1",
                            "container_definitions": "[{\"command\":[\"start\"],\"cpu\":1,\"environment\":[],\"essential\":true,\"image\":\"506127536868.dkr.ecr.eu-west-1.amazonaws.com/smava-smava-web-dev:latest\",\"memory\":512,\"mountPoints\":[],\"name\":\"smava-web\",\"portMappings\":[],\"volumesFrom\":[]},{\"cpu\":1,\"environment\":[],\"essential\":true,\"image\":\"506127536868.dkr.ecr.eu-west-1.amazonaws.com/smava-smava-web-nginx-dev:latest\",\"links\":[\"smava-web\"],\"memory\":64,\"mountPoints\":[],\"name\":\"smava-web-nginx\",\"portMappings\":[{\"containerPort\":80,\"hostPort\":0,\"protocol\":\"tcp\"}],\"volumesFrom\":[]}]",
                            "cpu": "",
                            "execution_role_arn": "",
                            "family": "smava-smava-web-dev",
                            "id": "smava-smava-web-dev",
                            "memory": "",
                            "network_mode": "",
                            "placement_constraints.#": "0",
                            "requires_compatibilities.#": "0",
                            "revision": "1",
                            "task_role_arn": "",
                            "volume.#": "0"
                        },
                        "meta": {
                            "schema_version": "1"
                        },
                        "tainted": false
                    },
                    "deposed": [],
                    "provider": "provider.aws"
                },
                "aws_route53_record.record": {
                    "type": "aws_route53_record",
                    "depends_on": [
                        "data.aws_route53_zone.domain"
                    ],
                    "primary": {
                        "id": "Z27A1BLJ6A8M8D_smava-app.mofesola.com_A",
                        "attributes": {
                            "alias.#": "1",
                            "alias.3367852454.evaluate_target_health": "true",
                            "alias.3367852454.name": "smava-dev-382892321.eu-west-1.elb.amazonaws.com",
                            "alias.3367852454.zone_id": "Z32O12XQLNTSW2",
                            "allow_overwrite": "true",
                            "fqdn": "smava-app.mofesola.com",
                            "id": "Z27A1BLJ6A8M8D_smava-app.mofesola.com_A",
                            "name": "smava-app.mofesola.com",
                            "type": "A",
                            "zone_id": "Z27A1BLJ6A8M8D"
                        },
                        "meta": {
                            "schema_version": "2"
                        },
                        "tainted": false
                    },
                    "deposed": [],
                    "provider": "provider.aws"
                },
                "data.aws_ecs_task_definition.task": {
                    "type": "aws_ecs_task_definition",
                    "depends_on": [
                        "aws_ecs_task_definition.task"
                    ],
                    "primary": {
                        "id": "arn:aws:ecs:eu-west-1:506127536868:task-definition/smava-smava-web-dev:1",
                        "attributes": {
                            "family": "smava-smava-web-dev",
                            "id": "arn:aws:ecs:eu-west-1:506127536868:task-definition/smava-smava-web-dev:1",
                            "network_mode": "",
                            "revision": "1",
                            "status": "ACTIVE",
                            "task_definition": "smava-smava-web-dev",
                            "task_role_arn": ""
                        },
                        "meta": {},
                        "tainted": false
                    },
                    "deposed": [],
                    "provider": "provider.aws"
                },
                "data.aws_route53_zone.domain": {
                    "type": "aws_route53_zone",
                    "depends_on": [],
                    "primary": {
                        "id": "Z27A1BLJ6A8M8D",
                        "attributes": {
                            "caller_reference": "1BC2C31F-2E9E-739D-90D8-79C0C14E4D8C",
                            "comment": "",
                            "id": "Z27A1BLJ6A8M8D",
                            "name": "mofesola.com.",
                            "name_servers.#": "4",
                            "name_servers.0": "ns-566.awsdns-06.net",
                            "name_servers.1": "ns-162.awsdns-20.com",
                            "name_servers.2": "ns-1172.awsdns-18.org",
                            "name_servers.3": "ns-1823.awsdns-35.co.uk",
                            "private_zone": "false",
                            "resource_record_set_count": "3",
                            "zone_id": "Z27A1BLJ6A8M8D"
                        },
                        "meta": {},
                        "tainted": false
                    },
                    "deposed": [],
                    "provider": "provider.aws"
                },
                "data.template_file.ecs_template": {
                    "type": "template_file",
                    "depends_on": [
                        "aws_ecr_repository.repository",
                        "aws_ecr_repository.repository_nginx"
                    ],
                    "primary": {
                        "id": "09f6f548bd749ae2606ef32d18a67c6c715318c13f7a1bc262f035376921e023",
                        "attributes": {
                            "id": "09f6f548bd749ae2606ef32d18a67c6c715318c13f7a1bc262f035376921e023",
                            "rendered": "[\n  {\n    \"name\": \"smava-web\",\n    \"image\": \"506127536868.dkr.ecr.eu-west-1.amazonaws.com/smava-smava-web-dev:latest\",\n    \"cpu\": 1,\n    \"memory\": 512,\n    \"essential\": true,\n    \"command\": [\"start\"],\n    \"placementStrategy\": [\n      {\n        \"field\": \"memory\",\n        \"type\": \"binpack\"\n      }\n    ]\n  },\n  {\n    \"name\": \"smava-web-nginx\",\n    \"image\": \"506127536868.dkr.ecr.eu-west-1.amazonaws.com/smava-smava-web-nginx-dev:latest\",\n    \"cpu\": 1,\n    \"memory\": 64,\n    \"essential\": true,\n    \"links\": [\n      \"smava-web\"\n    ],\n    \"portMappings\": [\n      {\n        \"containerPort\": 80\n      }\n    ],\n    \"placementStrategy\": [\n      {\n        \"field\": \"memory\",\n        \"type\": \"binpack\"\n      }\n    ]\n  }\n]\n",
                            "template": "[\n  {\n    \"name\": \"${app}\",\n    \"image\": \"${image_url}\",\n    \"cpu\": 1,\n    \"memory\": ${application_memory},\n    \"essential\": true,\n    \"command\": [\"start\"],\n    \"placementStrategy\": [\n      {\n        \"field\": \"memory\",\n        \"type\": \"binpack\"\n      }\n    ]\n  },\n  {\n    \"name\": \"${app}-nginx\",\n    \"image\": \"${nginx_image_url}\",\n    \"cpu\": 1,\n    \"memory\": 64,\n    \"essential\": true,\n    \"links\": [\n      \"${app}\"\n    ],\n    \"portMappings\": [\n      {\n        \"containerPort\": 80\n      }\n    ],\n    \"placementStrategy\": [\n      {\n        \"field\": \"memory\",\n        \"type\": \"binpack\"\n      }\n    ]\n  }\n]\n",
                            "vars.%": "8",
                            "vars.app": "smava-web",
                            "vars.application_container_name": "smava",
                            "vars.application_memory": "512",
                            "vars.env": "dev",
                            "vars.image_url": "506127536868.dkr.ecr.eu-west-1.amazonaws.com/smava-smava-web-dev:latest",
                            "vars.nginx_container_name": "smava-nginx",
                            "vars.nginx_image_url": "506127536868.dkr.ecr.eu-west-1.amazonaws.com/smava-smava-web-nginx-dev:latest",
                            "vars.project": "smava"
                        },
                        "meta": {},
                        "tainted": false
                    },
                    "deposed": [],
                    "provider": "provider.template"
                }
            },
            "depends_on": []
        },
        {
            "path": [
                "root",
                "vpc"
            ],
            "outputs": {
                "private_subnets": {
                    "sensitive": false,
                    "type": "list",
                    "value": [
                        "subnet-03af7ac8e51da569c",
                        "subnet-05fdad58c4cc9f978",
                        "subnet-0517dcfc03770879e"
                    ]
                },
                "public_subnets": {
                    "sensitive": false,
                    "type": "list",
                    "value": [
                        "subnet-0b8d0a40f78d7bfaf",
                        "subnet-0099dd48e43370367",
                        "subnet-0b2e8e23c19596e0c"
                    ]
                },
                "vpc_id": {
                    "sensitive": false,
                    "type": "string",
                    "value": "vpc-07fdf06b9b3b767bb"
                }
            },
            "resources": {},
            "depends_on": []
        },
        {
            "path": [
                "root",
                "ecs",
                "autoscaling"
            ],
            "outputs": {
                "ecs_iam_role": {
                    "sensitive": false,
                    "type": "string",
                    "value": "arn:aws:iam::506127536868:role/smava-dev"
                },
                "internal_sg_id": {
                    "sensitive": false,
                    "type": "string",
                    "value": "sg-04637ed8cdb1ed52f"
                }
            },
            "resources": {
                "aws_autoscaling_group.asg": {
                    "type": "aws_autoscaling_group",
                    "depends_on": [
                        "aws_launch_configuration.lc"
                    ],
                    "primary": {
                        "id": "smava-dev",
                        "attributes": {
                            "arn": "arn:aws:autoscaling:eu-west-1:506127536868:autoScalingGroup:c530fdbf-ec0e-468c-8ca3-7cdb6770a873:autoScalingGroupName/smava-dev",
                            "availability_zones.#": "3",
                            "availability_zones.1924028850": "eu-west-1b",
                            "availability_zones.3953592328": "eu-west-1a",
                            "availability_zones.94988580": "eu-west-1c",
                            "default_cooldown": "300",
                            "desired_capacity": "2",
                            "enabled_metrics.#": "0",
                            "force_delete": "false",
                            "health_check_grace_period": "120",
                            "health_check_type": "EC2",
                            "id": "smava-dev",
                            "launch_configuration": "smava-dev-20180813221829221900000001",
                            "launch_template.#": "0",
                            "load_balancers.#": "0",
                            "max_size": "3",
                            "metrics_granularity": "1Minute",
                            "min_size": "2",
                            "name": "smava-dev",
                            "placement_group": "",
                            "protect_from_scale_in": "false",
                            "service_linked_role_arn": "arn:aws:iam::506127536868:role/aws-service-role/autoscaling.amazonaws.com/AWSServiceRoleForAutoScaling",
                            "suspended_processes.#": "0",
                            "tag.#": "1",
                            "tag.1645055183.key": "Name",
                            "tag.1645055183.propagate_at_launch": "true",
                            "tag.1645055183.value": "smava-dev",
                            "target_group_arns.#": "0",
                            "termination_policies.#": "1",
                            "termination_policies.0": "OldestInstance",
                            "vpc_zone_identifier.#": "3",
                            "vpc_zone_identifier.3402927057": "subnet-05fdad58c4cc9f978",
                            "vpc_zone_identifier.3953383035": "subnet-0517dcfc03770879e",
                            "vpc_zone_identifier.3970946786": "subnet-03af7ac8e51da569c",
                            "wait_for_capacity_timeout": "10m"
                        },
                        "meta": {
                            "e2bfb730-ecaa-11e6-8f88-34363bc7c4c0": {
                                "delete": 600000000000
                            }
                        },
                        "tainted": false
                    },
                    "deposed": [],
                    "provider": "provider.aws"
                },
                "aws_autoscaling_policy.scale_down": {
                    "type": "aws_autoscaling_policy",
                    "depends_on": [
                        "aws_autoscaling_group.asg"
                    ],
                    "primary": {
                        "id": "scale-down",
                        "attributes": {
                            "adjustment_type": "ChangeInCapacity",
                            "arn": "arn:aws:autoscaling:eu-west-1:506127536868:scalingPolicy:b7c82aa7-7e4f-44c8-a29e-bd31e63473bd:autoScalingGroupName/smava-dev:policyName/scale-down",
                            "autoscaling_group_name": "smava-dev",
                            "cooldown": "300",
                            "estimated_instance_warmup": "0",
                            "id": "scale-down",
                            "metric_aggregation_type": "",
                            "min_adjustment_step": "0",
                            "name": "scale-down",
                            "policy_type": "SimpleScaling",
                            "scaling_adjustment": "-1",
                            "step_adjustment.#": "0",
                            "target_tracking_configuration.#": "0"
                        },
                        "meta": {},
                        "tainted": false
                    },
                    "deposed": [],
                    "provider": "provider.aws"
                },
                "aws_autoscaling_policy.scale_up": {
                    "type": "aws_autoscaling_policy",
                    "depends_on": [
                        "aws_autoscaling_group.asg"
                    ],
                    "primary": {
                        "id": "scale-up",
                        "attributes": {
                            "adjustment_type": "ChangeInCapacity",
                            "arn": "arn:aws:autoscaling:eu-west-1:506127536868:scalingPolicy:50424012-4a85-4afe-b663-448707bb94dc:autoScalingGroupName/smava-dev:policyName/scale-up",
                            "autoscaling_group_name": "smava-dev",
                            "cooldown": "300",
                            "estimated_instance_warmup": "0",
                            "id": "scale-up",
                            "metric_aggregation_type": "",
                            "min_adjustment_step": "0",
                            "name": "scale-up",
                            "policy_type": "SimpleScaling",
                            "scaling_adjustment": "1",
                            "step_adjustment.#": "0",
                            "target_tracking_configuration.#": "0"
                        },
                        "meta": {},
                        "tainted": false
                    },
                    "deposed": [],
                    "provider": "provider.aws"
                },
                "aws_cloudwatch_metric_alarm.scale_down": {
                    "type": "aws_cloudwatch_metric_alarm",
                    "depends_on": [
                        "aws_autoscaling_policy.scale_down"
                    ],
                    "primary": {
                        "id": "scale-down-smava-dev",
                        "attributes": {
                            "actions_enabled": "true",
                            "alarm_actions.#": "1",
                            "alarm_actions.2070837176": "arn:aws:autoscaling:eu-west-1:506127536868:scalingPolicy:b7c82aa7-7e4f-44c8-a29e-bd31e63473bd:autoScalingGroupName/smava-dev:policyName/scale-down",
                            "alarm_description": "When triggered it will scale down the cluster",
                            "alarm_name": "scale-down-smava-dev",
                            "comparison_operator": "LessThanOrEqualToThreshold",
                            "datapoints_to_alarm": "0",
                            "dimensions.%": "1",
                            "dimensions.ClusterName": "smava-dev",
                            "evaluate_low_sample_count_percentiles": "",
                            "evaluation_periods": "2",
                            "extended_statistic": "",
                            "id": "scale-down-smava-dev",
                            "insufficient_data_actions.#": "0",
                            "metric_name": "MemoryReservation",
                            "namespace": "AWS/ECS",
                            "ok_actions.#": "0",
                            "period": "900",
                            "statistic": "Average",
                            "threshold": "5",
                            "treat_missing_data": "missing",
                            "unit": ""
                        },
                        "meta": {
                            "schema_version": "1"
                        },
                        "tainted": false
                    },
                    "deposed": [],
                    "provider": "provider.aws"
                },
                "aws_cloudwatch_metric_alarm.scale_up": {
                    "type": "aws_cloudwatch_metric_alarm",
                    "depends_on": [
                        "aws_autoscaling_policy.scale_up"
                    ],
                    "primary": {
                        "id": "scale-up-smava-dev",
                        "attributes": {
                            "actions_enabled": "true",
                            "alarm_actions.#": "1",
                            "alarm_actions.1350258134": "arn:aws:autoscaling:eu-west-1:506127536868:scalingPolicy:50424012-4a85-4afe-b663-448707bb94dc:autoScalingGroupName/smava-dev:policyName/scale-up",
                            "alarm_description": "When triggered it will scale the cluster",
                            "alarm_name": "scale-up-smava-dev",
                            "comparison_operator": "GreaterThanOrEqualToThreshold",
                            "datapoints_to_alarm": "0",
                            "dimensions.%": "1",
                            "dimensions.ClusterName": "smava-dev",
                            "evaluate_low_sample_count_percentiles": "",
                            "evaluation_periods": "2",
                            "extended_statistic": "",
                            "id": "scale-up-smava-dev",
                            "insufficient_data_actions.#": "0",
                            "metric_name": "MemoryReservation",
                            "namespace": "AWS/ECS",
                            "ok_actions.#": "0",
                            "period": "300",
                            "statistic": "Average",
                            "threshold": "30",
                            "treat_missing_data": "missing",
                            "unit": ""
                        },
                        "meta": {
                            "schema_version": "1"
                        },
                        "tainted": false
                    },
                    "deposed": [],
                    "provider": "provider.aws"
                },
                "aws_iam_instance_profile.ecs_service": {
                    "type": "aws_iam_instance_profile",
                    "depends_on": [
                        "aws_iam_role.ecs_service"
                    ],
                    "primary": {
                        "id": "smava-dev",
                        "attributes": {
                            "arn": "arn:aws:iam::506127536868:instance-profile/smava-dev",
                            "create_date": "2018-08-13T21:05:19Z",
                            "id": "smava-dev",
                            "name": "smava-dev",
                            "path": "/",
                            "role": "smava-dev",
                            "roles.#": "1",
                            "roles.2353788496": "smava-dev",
                            "unique_id": "AIPAJ4NPXPYZ4UNRBGSL4"
                        },
                        "meta": {},
                        "tainted": false
                    },
                    "deposed": [],
                    "provider": "provider.aws"
                },
                "aws_iam_policy.ecr_read_only_policy": {
                    "type": "aws_iam_policy",
                    "depends_on": [
                        "data.template_file.ecr_read_only_policy"
                    ],
                    "primary": {
                        "id": "arn:aws:iam::506127536868:policy/ecr_read_only_policy20180813210514494600000001",
                        "attributes": {
                            "arn": "arn:aws:iam::506127536868:policy/ecr_read_only_policy20180813210514494600000001",
                            "id": "arn:aws:iam::506127536868:policy/ecr_read_only_policy20180813210514494600000001",
                            "name": "ecr_read_only_policy20180813210514494600000001",
                            "name_prefix": "ecr_read_only_policy",
                            "path": "/",
                            "policy": "{\n  \"Version\": \"2012-10-17\",\n  \"Statement\": [{\n    \"Effect\": \"Allow\",\n    \"Action\": [\n      \"ecr:GetAuthorizationToken\",\n      \"ecr:BatchCheckLayerAvailability\",\n      \"ecr:GetDownloadUrlForLayer\",\n      \"ecr:GetRepositoryPolicy\",\n      \"ecr:DescribeRepositories\",\n      \"ecr:ListImages\",\n      \"ecr:DescribeImages\",\n      \"ecr:BatchGetImage\"\n    ],\n    \"Resource\": \"*\"\n  }]\n}\n"
                        },
                        "meta": {},
                        "tainted": false
                    },
                    "deposed": [],
                    "provider": "provider.aws"
                },
                "aws_iam_policy.ecs_elb_service": {
                    "type": "aws_iam_policy",
                    "depends_on": [
                        "data.template_file.ecs_elb_service"
                    ],
                    "primary": {
                        "id": "arn:aws:iam::506127536868:policy/tf_ecs_elb_policy20180813210514495700000002",
                        "attributes": {
                            "arn": "arn:aws:iam::506127536868:policy/tf_ecs_elb_policy20180813210514495700000002",
                            "id": "arn:aws:iam::506127536868:policy/tf_ecs_elb_policy20180813210514495700000002",
                            "name": "tf_ecs_elb_policy20180813210514495700000002",
                            "name_prefix": "tf_ecs_elb_policy",
                            "path": "/",
                            "policy": "{\n  \"Version\": \"2012-10-17\",\n  \"Statement\": [\n    {\n      \"Effect\": \"Allow\",\n      \"Action\": [\n\t\"ec2:Describe*\",\n\t\"elasticloadbalancing:DeregisterInstancesFromLoadBalancer\",\n\t\"elasticloadbalancing:DeregisterTargets\",\n\t\"elasticloadbalancing:Describe*\",\n\t\"elasticloadbalancing:RegisterInstancesWithLoadBalancer\",\n\t\"elasticloadbalancing:RegisterTargets\"\n      ],\n      \"Resource\": \"*\"\n    }\n  ]\n}\n"
                        },
                        "meta": {},
                        "tainted": false
                    },
                    "deposed": [],
                    "provider": "provider.aws"
                },
                "aws_iam_policy_attachment.attach": {
                    "type": "aws_iam_policy_attachment",
                    "depends_on": [
                        "aws_iam_role.ecs_service"
                    ],
                    "primary": {
                        "id": "AmazonRoute53FullAccess",
                        "attributes": {
                            "groups.#": "0",
                            "id": "AmazonRoute53FullAccess",
                            "name": "AmazonRoute53FullAccess",
                            "policy_arn": "arn:aws:iam::aws:policy/AmazonRoute53FullAccess",
                            "roles.#": "1",
                            "roles.2353788496": "smava-dev",
                            "users.#": "0"
                        },
                        "meta": {},
                        "tainted": false
                    },
                    "deposed": [],
                    "provider": "provider.aws"
                },
                "aws_iam_policy_attachment.attach_ecr": {
                    "type": "aws_iam_policy_attachment",
                    "depends_on": [
                        "aws_iam_policy.ecr_read_only_policy",
                        "aws_iam_role.ecs_service"
                    ],
                    "primary": {
                        "id": "ecr_read_only_policy",
                        "attributes": {
                            "groups.#": "0",
                            "id": "ecr_read_only_policy",
                            "name": "ecr_read_only_policy",
                            "policy_arn": "arn:aws:iam::506127536868:policy/ecr_read_only_policy20180813210514494600000001",
                            "roles.#": "1",
                            "roles.2353788496": "smava-dev",
                            "users.#": "0"
                        },
                        "meta": {},
                        "tainted": false
                    },
                    "deposed": [],
                    "provider": "provider.aws"
                },
                "aws_iam_policy_attachment.attach_elb": {
                    "type": "aws_iam_policy_attachment",
                    "depends_on": [
                        "aws_iam_policy.ecs_elb_service",
                        "aws_iam_role.ecs_service"
                    ],
                    "primary": {
                        "id": "ecs_elb_smava-dev",
                        "attributes": {
                            "groups.#": "0",
                            "id": "ecs_elb_smava-dev",
                            "name": "ecs_elb_smava-dev",
                            "policy_arn": "arn:aws:iam::506127536868:policy/tf_ecs_elb_policy20180813210514495700000002",
                            "roles.#": "1",
                            "roles.2353788496": "smava-dev",
                            "users.#": "0"
                        },
                        "meta": {},
                        "tainted": false
                    },
                    "deposed": [],
                    "provider": "provider.aws"
                },
                "aws_iam_role.ecs_service": {
                    "type": "aws_iam_role",
                    "depends_on": [
                        "data.template_file.ec2_assume_policy"
                    ],
                    "primary": {
                        "id": "smava-dev",
                        "attributes": {
                            "arn": "arn:aws:iam::506127536868:role/smava-dev",
                            "assume_role_policy": "{\"Version\":\"2012-10-17\",\"Statement\":[{\"Sid\":\"\",\"Effect\":\"Allow\",\"Principal\":{\"Service\":\"ec2.amazonaws.com\"},\"Action\":\"sts:AssumeRole\"},{\"Sid\":\"\",\"Effect\":\"Allow\",\"Principal\":{\"Service\":\"ecs.amazonaws.com\"},\"Action\":\"sts:AssumeRole\"}]}",
                            "create_date": "2018-08-13T21:05:16Z",
                            "description": "",
                            "force_detach_policies": "false",
                            "id": "smava-dev",
                            "max_session_duration": "3600",
                            "name": "smava-dev",
                            "path": "/",
                            "unique_id": "AROAJEVKMOVI5GAW5DHKA"
                        },
                        "meta": {},
                        "tainted": false
                    },
                    "deposed": [],
                    "provider": "provider.aws"
                },
                "aws_iam_role_policy.instance": {
                    "type": "aws_iam_role_policy",
                    "depends_on": [
                        "aws_iam_role.ecs_service",
                        "data.template_file.instance_profile"
                    ],
                    "primary": {
                        "id": "smava-dev:EcsInstanceRolesmava-dev20180813210518050900000003",
                        "attributes": {
                            "id": "smava-dev:EcsInstanceRolesmava-dev20180813210518050900000003",
                            "name": "EcsInstanceRolesmava-dev20180813210518050900000003",
                            "name_prefix": "EcsInstanceRolesmava-dev",
                            "policy": "{\n  \"Version\": \"2012-10-17\",\n  \"Statement\": [\n    {\n      \"Sid\": \"ecsInstanceRole\",\n      \"Effect\": \"Allow\",\n      \"Action\": [\n        \"ecs:DeregisterContainerInstance\",\n        \"ecs:DiscoverPollEndpoint\",\n        \"ecs:Poll\",\n        \"ecs:RegisterContainerInstance\",\n        \"ecs:Submit*\",\n        \"ecs:StartTelemetrySession\"\n      ],\n      \"Resource\": [\n        \"*\"\n      ]\n    }\n  ]\n}\n",
                            "role": "smava-dev"
                        },
                        "meta": {},
                        "tainted": false
                    },
                    "deposed": [],
                    "provider": "provider.aws"
                },
                "aws_launch_configuration.lc": {
                    "type": "aws_launch_configuration",
                    "depends_on": [
                        "aws_iam_instance_profile.ecs_service",
                        "aws_security_group.internal",
                        "data.aws_ami.stable_coreos",
                        "data.ignition_config.cloud_config"
                    ],
                    "primary": {
                        "id": "smava-dev-20180813221829221900000001",
                        "attributes": {
                            "associate_public_ip_address": "false",
                            "ebs_block_device.#": "0",
                            "ebs_optimized": "false",
                            "enable_monitoring": "true",
                            "ephemeral_block_device.#": "0",
                            "iam_instance_profile": "smava-dev",
                            "id": "smava-dev-20180813221829221900000001",
                            "image_id": "ami-88816765",
                            "instance_type": "t2.micro",
                            "key_name": "dev",
                            "name": "smava-dev-20180813221829221900000001",
                            "name_prefix": "smava-dev-",
                            "root_block_device.#": "1",
                            "root_block_device.0.delete_on_termination": "true",
                            "root_block_device.0.iops": "0",
                            "root_block_device.0.volume_size": "10",
                            "root_block_device.0.volume_type": "",
                            "security_groups.#": "1",
                            "security_groups.4174725007": "sg-04637ed8cdb1ed52f",
                            "spot_price": "",
                            "user_data": "ae1de9b0a0cbd8e1439e17e069b4323b75374c87",
                            "vpc_classic_link_id": "",
                            "vpc_classic_link_security_groups.#": "0"
                        },
                        "meta": {},
                        "tainted": false
                    },
                    "deposed": [],
                    "provider": "provider.aws"
                },
                "aws_security_group.internal": {
                    "type": "aws_security_group",
                    "depends_on": [],
                    "primary": {
                        "id": "sg-04637ed8cdb1ed52f",
                        "attributes": {
                            "arn": "arn:aws:ec2:eu-west-1:506127536868:security-group/sg-04637ed8cdb1ed52f",
                            "description": "smava-dev internal SG",
                            "egress.#": "1",
                            "egress.482069346.cidr_blocks.#": "1",
                            "egress.482069346.cidr_blocks.0": "0.0.0.0/0",
                            "egress.482069346.description": "",
                            "egress.482069346.from_port": "0",
                            "egress.482069346.ipv6_cidr_blocks.#": "0",
                            "egress.482069346.prefix_list_ids.#": "0",
                            "egress.482069346.protocol": "-1",
                            "egress.482069346.security_groups.#": "0",
                            "egress.482069346.self": "false",
                            "egress.482069346.to_port": "0",
                            "id": "sg-04637ed8cdb1ed52f",
                            "ingress.#": "2",
                            "ingress.2038172843.cidr_blocks.#": "0",
                            "ingress.2038172843.description": "",
                            "ingress.2038172843.from_port": "32768",
                            "ingress.2038172843.ipv6_cidr_blocks.#": "0",
                            "ingress.2038172843.protocol": "tcp",
                            "ingress.2038172843.security_groups.#": "1",
                            "ingress.2038172843.security_groups.2167333722": "sg-0ff909bca6620c23a",
                            "ingress.2038172843.self": "false",
                            "ingress.2038172843.to_port": "60999",
                            "ingress.2341310506.cidr_blocks.#": "0",
                            "ingress.2341310506.description": "",
                            "ingress.2341310506.from_port": "22",
                            "ingress.2341310506.ipv6_cidr_blocks.#": "0",
                            "ingress.2341310506.protocol": "tcp",
                            "ingress.2341310506.security_groups.#": "1",
                            "ingress.2341310506.security_groups.4083108490": "sg-08c0d82674ed8ea37",
                            "ingress.2341310506.self": "false",
                            "ingress.2341310506.to_port": "22",
                            "name": "smava-dev-internal",
                            "owner_id": "506127536868",
                            "revoke_rules_on_delete": "false",
                            "tags.%": "0",
                            "vpc_id": "vpc-07fdf06b9b3b767bb"
                        },
                        "meta": {
                            "e2bfb730-ecaa-11e6-8f88-34363bc7c4c0": {
                                "create": 600000000000,
                                "delete": 600000000000
                            },
                            "schema_version": "1"
                        },
                        "tainted": false
                    },
                    "deposed": [],
                    "provider": "provider.aws"
                },
                "aws_security_group_rule.allow_all_out_from_ecs": {
                    "type": "aws_security_group_rule",
                    "depends_on": [
                        "aws_security_group.internal"
                    ],
                    "primary": {
                        "id": "sgrule-199970724",
                        "attributes": {
                            "cidr_blocks.#": "1",
                            "cidr_blocks.0": "0.0.0.0/0",
                            "description": "",
                            "from_port": "0",
                            "id": "sgrule-199970724",
                            "ipv6_cidr_blocks.#": "0",
                            "prefix_list_ids.#": "0",
                            "protocol": "-1",
                            "security_group_id": "sg-04637ed8cdb1ed52f",
                            "self": "false",
                            "to_port": "0",
                            "type": "egress"
                        },
                        "meta": {
                            "schema_version": "2"
                        },
                        "tainted": false
                    },
                    "deposed": [],
                    "provider": "provider.aws"
                },
                "aws_security_group_rule.bastion": {
                    "type": "aws_security_group_rule",
                    "depends_on": [
                        "aws_security_group.internal"
                    ],
                    "primary": {
                        "id": "sgrule-3256851856",
                        "attributes": {
                            "cidr_blocks.#": "0",
                            "description": "",
                            "from_port": "22",
                            "id": "sgrule-3256851856",
                            "ipv6_cidr_blocks.#": "0",
                            "prefix_list_ids.#": "0",
                            "protocol": "tcp",
                            "security_group_id": "sg-04637ed8cdb1ed52f",
                            "self": "false",
                            "source_security_group_id": "sg-08c0d82674ed8ea37",
                            "to_port": "22",
                            "type": "ingress"
                        },
                        "meta": {
                            "schema_version": "2"
                        },
                        "tainted": false
                    },
                    "deposed": [],
                    "provider": "provider.aws"
                },
                "data.aws_ami.stable_coreos": {
                    "type": "aws_ami",
                    "depends_on": [],
                    "primary": {
                        "id": "ami-88816765",
                        "attributes": {
                            "architecture": "x86_64",
                            "block_device_mappings.#": "2",
                            "block_device_mappings.340275815.device_name": "/dev/xvda",
                            "block_device_mappings.340275815.ebs.%": "6",
                            "block_device_mappings.340275815.ebs.delete_on_termination": "true",
                            "block_device_mappings.340275815.ebs.encrypted": "false",
                            "block_device_mappings.340275815.ebs.iops": "0",
                            "block_device_mappings.340275815.ebs.snapshot_id": "snap-064c034278f912faf",
                            "block_device_mappings.340275815.ebs.volume_size": "8",
                            "block_device_mappings.340275815.ebs.volume_type": "gp2",
                            "block_device_mappings.340275815.no_device": "",
                            "block_device_mappings.340275815.virtual_name": "",
                            "block_device_mappings.3754555969.device_name": "/dev/xvdb",
                            "block_device_mappings.3754555969.ebs.%": "0",
                            "block_device_mappings.3754555969.no_device": "",
                            "block_device_mappings.3754555969.virtual_name": "ephemeral0",
                            "creation_date": "2018-07-31T08:27:07.000Z",
                            "description": "CoreOS Container Linux stable 1800.5.0 (HVM)",
                            "filter.#": "3",
                            "filter.2051470065.name": "description",
                            "filter.2051470065.values.#": "1",
                            "filter.2051470065.values.0": "CoreOS Container Linux stable*",
                            "filter.3386043752.name": "architecture",
                            "filter.3386043752.values.#": "1",
                            "filter.3386043752.values.0": "x86_64",
                            "filter.490168357.name": "virtualization-type",
                            "filter.490168357.values.#": "1",
                            "filter.490168357.values.0": "hvm",
                            "hypervisor": "xen",
                            "id": "ami-88816765",
                            "image_id": "ami-88816765",
                            "image_location": "aws-marketplace/CoreOS-stable-1800.5.0-hvm-0d1e0bd0-eaea-4397-9a3a-c56f861d2a14-ami-ab6963d4.4",
                            "image_owner_alias": "aws-marketplace",
                            "image_type": "machine",
                            "most_recent": "true",
                            "name": "CoreOS-stable-1800.5.0-hvm-0d1e0bd0-eaea-4397-9a3a-c56f861d2a14-ami-ab6963d4.4",
                            "owner_id": "679593333241",
                            "owners.#": "1",
                            "owners.0": "679593333241",
                            "product_codes.#": "1",
                            "product_codes.1621282164.product_code_id": "ryg425ue2hwnsok9ccfastg4",
                            "product_codes.1621282164.product_code_type": "marketplace",
                            "public": "true",
                            "root_device_name": "/dev/xvda",
                            "root_device_type": "ebs",
                            "root_snapshot_id": "snap-064c034278f912faf",
                            "sriov_net_support": "simple",
                            "state": "available",
                            "state_reason.%": "2",
                            "state_reason.code": "UNSET",
                            "state_reason.message": "UNSET",
                            "tags.%": "0",
                            "virtualization_type": "hvm"
                        },
                        "meta": {},
                        "tainted": false
                    },
                    "deposed": [],
                    "provider": "provider.aws"
                },
                "data.ignition_config.cloud_config": {
                    "type": "ignition_config",
                    "depends_on": [
                        "data.ignition_systemd_unit.ecs",
                        "data.ignition_systemd_unit.rpc"
                    ],
                    "primary": {
                        "id": "6893663a645ff3e45f5cd25e8c2dadb3e0f69223c0b8da0e094b02fe97851a63",
                        "attributes": {
                            "id": "6893663a645ff3e45f5cd25e8c2dadb3e0f69223c0b8da0e094b02fe97851a63",
                            "rendered": "{\n    \"ignition\": {\n      \"config\": {},\n      \"timeouts\": {},\n      \"version\": \"2.1.0\"\n    },\n    \"networkd\": {},\n    \"passwd\": {},\n    \"storage\": {},\n    \"systemd\": {\n      \"units\": [\n        {\n          \"contents\": \"[Unit]\\nDescription=ECS agent\\n\\n[Service]\\nEnvironment=ECS_CLUSTER=smava-dev\\nEnvironment=ECS_LOGLEVEL=info\\nEnvironment=ECS_VERSION=latest\\n\\nRestart=on-failure\\nRestartSec=30\\nRestartPreventExitStatus=5\\n\\nSyslogIdentifier=ecs-agent\\n\\nExecStartPre=-/usr/bin/docker kill ecs-agent\\nExecStartPre=-/usr/bin/docker rm ecs-agent\\nExecStartPre=/usr/bin/docker pull amazon/amazon-ecs-agent:latest\\nExecStart=/usr/bin/docker run --name ecs-agent --env-file=/etc/ecs/ecs.config --volume=/var/run/docker.sock:/var/run/docker.sock --volume=/var/log/ecs:/log --volume=/var/ecs-data:/data --volume=/sys/fs/cgroup:/sys/fs/cgroup:ro --volume=/run/docker/execdriver/native:/var/lib/docker/execdriver/native:ro --publish=127.0.0.1:51678:51678 --env=ECS_LOGFILE=/log/ecs-agent.log --env=ECS_LOGLEVEL=info --env=ECS_DATADIR=/data --env=ECS_CLUSTER=smava-dev amazon/amazon-ecs-agent:latest\\n\\n[Install]\\nWantedBy=multi-user.target\\n\",\n          \"enabled\": true,\n          \"name\": \"amazon-ecs-agent.service\"\n        },\n        {\n          \"enabled\": true,\n          \"name\": \"rpc-statd.service\"\n        }\n      ]\n    }\n  }",
                            "systemd.#": "2",
                            "systemd.0": "744a8a6bf77267c2dbabb57f4b322612f0f93c4cee98c8281224d958b0702c9e",
                            "systemd.1": "f5e1d2612635d919ee850263d1a05356e7f25c707df3dd1501fecb21c3191d0c"
                        },
                        "meta": {},
                        "tainted": false
                    },
                    "deposed": [],
                    "provider": "module.ecs.module.autoscaling.provider.ignition"
                },
                "data.ignition_systemd_unit.ecs": {
                    "type": "ignition_systemd_unit",
                    "depends_on": [
                        "data.template_file.ecs"
                    ],
                    "primary": {
                        "id": "744a8a6bf77267c2dbabb57f4b322612f0f93c4cee98c8281224d958b0702c9e",
                        "attributes": {
                            "content": "[Unit]\nDescription=ECS agent\n\n[Service]\nEnvironment=ECS_CLUSTER=smava-dev\nEnvironment=ECS_LOGLEVEL=info\nEnvironment=ECS_VERSION=latest\n\nRestart=on-failure\nRestartSec=30\nRestartPreventExitStatus=5\n\nSyslogIdentifier=ecs-agent\n\nExecStartPre=-/usr/bin/docker kill ecs-agent\nExecStartPre=-/usr/bin/docker rm ecs-agent\nExecStartPre=/usr/bin/docker pull amazon/amazon-ecs-agent:latest\nExecStart=/usr/bin/docker run --name ecs-agent --env-file=/etc/ecs/ecs.config --volume=/var/run/docker.sock:/var/run/docker.sock --volume=/var/log/ecs:/log --volume=/var/ecs-data:/data --volume=/sys/fs/cgroup:/sys/fs/cgroup:ro --volume=/run/docker/execdriver/native:/var/lib/docker/execdriver/native:ro --publish=127.0.0.1:51678:51678 --env=ECS_LOGFILE=/log/ecs-agent.log --env=ECS_LOGLEVEL=info --env=ECS_DATADIR=/data --env=ECS_CLUSTER=smava-dev amazon/amazon-ecs-agent:latest\n\n[Install]\nWantedBy=multi-user.target\n",
                            "enabled": "true",
                            "id": "744a8a6bf77267c2dbabb57f4b322612f0f93c4cee98c8281224d958b0702c9e",
                            "name": "amazon-ecs-agent.service"
                        },
                        "meta": {},
                        "tainted": false
                    },
                    "deposed": [],
                    "provider": "module.ecs.module.autoscaling.provider.ignition"
                },
                "data.ignition_systemd_unit.rpc": {
                    "type": "ignition_systemd_unit",
                    "depends_on": [],
                    "primary": {
                        "id": "f5e1d2612635d919ee850263d1a05356e7f25c707df3dd1501fecb21c3191d0c",
                        "attributes": {
                            "enabled": "true",
                            "id": "f5e1d2612635d919ee850263d1a05356e7f25c707df3dd1501fecb21c3191d0c",
                            "name": "rpc-statd.service"
                        },
                        "meta": {},
                        "tainted": false
                    },
                    "deposed": [],
                    "provider": "module.ecs.module.autoscaling.provider.ignition"
                },
                "data.template_file.ec2_assume_policy": {
                    "type": "template_file",
                    "depends_on": [],
                    "primary": {
                        "id": "49867b9cb1c9f1038a6dc97c0dd00ef97be1915088f8266ccdfc0a6b103680cb",
                        "attributes": {
                            "id": "49867b9cb1c9f1038a6dc97c0dd00ef97be1915088f8266ccdfc0a6b103680cb",
                            "rendered": "{\n  \"Version\": \"2012-10-17\",\n  \"Statement\": [\n    {\n      \"Sid\": \"\",\n      \"Effect\": \"Allow\",\n      \"Principal\": {\n        \"Service\": \"ec2.amazonaws.com\"\n      },\n      \"Action\": \"sts:AssumeRole\"\n    },\n    {\n      \"Sid\": \"\",\n      \"Effect\": \"Allow\",\n      \"Principal\": {\n        \"Service\": \"ecs.amazonaws.com\"\n      },\n      \"Action\": \"sts:AssumeRole\"\n    }\n  ]\n}\n",
                            "template": "{\n  \"Version\": \"2012-10-17\",\n  \"Statement\": [\n    {\n      \"Sid\": \"\",\n      \"Effect\": \"Allow\",\n      \"Principal\": {\n        \"Service\": \"ec2.amazonaws.com\"\n      },\n      \"Action\": \"sts:AssumeRole\"\n    },\n    {\n      \"Sid\": \"\",\n      \"Effect\": \"Allow\",\n      \"Principal\": {\n        \"Service\": \"ecs.amazonaws.com\"\n      },\n      \"Action\": \"sts:AssumeRole\"\n    }\n  ]\n}\n"
                        },
                        "meta": {},
                        "tainted": false
                    },
                    "deposed": [],
                    "provider": "provider.template"
                },
                "data.template_file.ecr_read_only_policy": {
                    "type": "template_file",
                    "depends_on": [],
                    "primary": {
                        "id": "7d83e54e4fc7331ec1e498d3b007a0dd55f18235987bea310c45c1dfd170e744",
                        "attributes": {
                            "id": "7d83e54e4fc7331ec1e498d3b007a0dd55f18235987bea310c45c1dfd170e744",
                            "rendered": "{\n  \"Version\": \"2012-10-17\",\n  \"Statement\": [{\n    \"Effect\": \"Allow\",\n    \"Action\": [\n      \"ecr:GetAuthorizationToken\",\n      \"ecr:BatchCheckLayerAvailability\",\n      \"ecr:GetDownloadUrlForLayer\",\n      \"ecr:GetRepositoryPolicy\",\n      \"ecr:DescribeRepositories\",\n      \"ecr:ListImages\",\n      \"ecr:DescribeImages\",\n      \"ecr:BatchGetImage\"\n    ],\n    \"Resource\": \"*\"\n  }]\n}\n",
                            "template": "{\n  \"Version\": \"2012-10-17\",\n  \"Statement\": [{\n    \"Effect\": \"Allow\",\n    \"Action\": [\n      \"ecr:GetAuthorizationToken\",\n      \"ecr:BatchCheckLayerAvailability\",\n      \"ecr:GetDownloadUrlForLayer\",\n      \"ecr:GetRepositoryPolicy\",\n      \"ecr:DescribeRepositories\",\n      \"ecr:ListImages\",\n      \"ecr:DescribeImages\",\n      \"ecr:BatchGetImage\"\n    ],\n    \"Resource\": \"*\"\n  }]\n}\n"
                        },
                        "meta": {},
                        "tainted": false
                    },
                    "deposed": [],
                    "provider": "provider.template"
                },
                "data.template_file.ecs": {
                    "type": "template_file",
                    "depends_on": [],
                    "primary": {
                        "id": "dd32117e888b6fdde64dffd369c048ef5aba87e59ea6feb3190e87a1434b9acb",
                        "attributes": {
                            "id": "dd32117e888b6fdde64dffd369c048ef5aba87e59ea6feb3190e87a1434b9acb",
                            "rendered": "[Unit]\nDescription=ECS agent\n\n[Service]\nEnvironment=ECS_CLUSTER=smava-dev\nEnvironment=ECS_LOGLEVEL=info\nEnvironment=ECS_VERSION=latest\n\nRestart=on-failure\nRestartSec=30\nRestartPreventExitStatus=5\n\nSyslogIdentifier=ecs-agent\n\nExecStartPre=-/usr/bin/docker kill ecs-agent\nExecStartPre=-/usr/bin/docker rm ecs-agent\nExecStartPre=/usr/bin/docker pull amazon/amazon-ecs-agent:latest\nExecStart=/usr/bin/docker run --name ecs-agent --env-file=/etc/ecs/ecs.config --volume=/var/run/docker.sock:/var/run/docker.sock --volume=/var/log/ecs:/log --volume=/var/ecs-data:/data --volume=/sys/fs/cgroup:/sys/fs/cgroup:ro --volume=/run/docker/execdriver/native:/var/lib/docker/execdriver/native:ro --publish=127.0.0.1:51678:51678 --env=ECS_LOGFILE=/log/ecs-agent.log --env=ECS_LOGLEVEL=info --env=ECS_DATADIR=/data --env=ECS_CLUSTER=smava-dev amazon/amazon-ecs-agent:latest\n\n[Install]\nWantedBy=multi-user.target\n",
                            "template": "[Unit]\nDescription=ECS agent\n\n[Service]\nEnvironment=ECS_CLUSTER=${cluster_name}\nEnvironment=ECS_LOGLEVEL=info\nEnvironment=ECS_VERSION=latest\n\nRestart=on-failure\nRestartSec=30\nRestartPreventExitStatus=5\n\nSyslogIdentifier=ecs-agent\n\nExecStartPre=-/usr/bin/docker kill ecs-agent\nExecStartPre=-/usr/bin/docker rm ecs-agent\nExecStartPre=/usr/bin/docker pull amazon/amazon-ecs-agent:latest\nExecStart=/usr/bin/docker run --name ecs-agent --env-file=/etc/ecs/ecs.config --volume=/var/run/docker.sock:/var/run/docker.sock --volume=/var/log/ecs:/log --volume=/var/ecs-data:/data --volume=/sys/fs/cgroup:/sys/fs/cgroup:ro --volume=/run/docker/execdriver/native:/var/lib/docker/execdriver/native:ro --publish=127.0.0.1:51678:51678 --env=ECS_LOGFILE=/log/ecs-agent.log --env=ECS_LOGLEVEL=info --env=ECS_DATADIR=/data --env=ECS_CLUSTER=${cluster_name} amazon/amazon-ecs-agent:latest\n\n[Install]\nWantedBy=multi-user.target\n",
                            "vars.%": "1",
                            "vars.cluster_name": "smava-dev"
                        },
                        "meta": {},
                        "tainted": false
                    },
                    "deposed": [],
                    "provider": "provider.template"
                },
                "data.template_file.ecs_assume_role_policy": {
                    "type": "template_file",
                    "depends_on": [],
                    "primary": {
                        "id": "618c86b6486312c527a53eb9fc5df2f65df89938dbd7b929b3c760e0b892dcd5",
                        "attributes": {
                            "id": "618c86b6486312c527a53eb9fc5df2f65df89938dbd7b929b3c760e0b892dcd5",
                            "rendered": "{\n  \"Version\": \"2012-10-17\",\n  \"Statement\": [\n    {\n      \"Sid\": \"\",\n      \"Effect\": \"Allow\",\n      \"Principal\": {\n        \"Service\": \"ecs.amazonaws.com\"\n      },\n      \"Action\": \"sts:AssumeRole\"\n    }\n  ]\n}\n",
                            "template": "{\n  \"Version\": \"2012-10-17\",\n  \"Statement\": [\n    {\n      \"Sid\": \"\",\n      \"Effect\": \"Allow\",\n      \"Principal\": {\n        \"Service\": \"ecs.amazonaws.com\"\n      },\n      \"Action\": \"sts:AssumeRole\"\n    }\n  ]\n}\n"
                        },
                        "meta": {},
                        "tainted": false
                    },
                    "deposed": [],
                    "provider": "provider.template"
                },
                "data.template_file.ecs_elb_service": {
                    "type": "template_file",
                    "depends_on": [],
                    "primary": {
                        "id": "8672d359841a1bbfbe5e46e2fa07d53b8dc2f64637c2a44b6697df94976f4273",
                        "attributes": {
                            "id": "8672d359841a1bbfbe5e46e2fa07d53b8dc2f64637c2a44b6697df94976f4273",
                            "rendered": "{\n  \"Version\": \"2012-10-17\",\n  \"Statement\": [\n    {\n      \"Effect\": \"Allow\",\n      \"Action\": [\n\t\"ec2:Describe*\",\n\t\"elasticloadbalancing:DeregisterInstancesFromLoadBalancer\",\n\t\"elasticloadbalancing:DeregisterTargets\",\n\t\"elasticloadbalancing:Describe*\",\n\t\"elasticloadbalancing:RegisterInstancesWithLoadBalancer\",\n\t\"elasticloadbalancing:RegisterTargets\"\n      ],\n      \"Resource\": \"*\"\n    }\n  ]\n}\n",
                            "template": "{\n  \"Version\": \"2012-10-17\",\n  \"Statement\": [\n    {\n      \"Effect\": \"Allow\",\n      \"Action\": [\n\t\"ec2:Describe*\",\n\t\"elasticloadbalancing:DeregisterInstancesFromLoadBalancer\",\n\t\"elasticloadbalancing:DeregisterTargets\",\n\t\"elasticloadbalancing:Describe*\",\n\t\"elasticloadbalancing:RegisterInstancesWithLoadBalancer\",\n\t\"elasticloadbalancing:RegisterTargets\"\n      ],\n      \"Resource\": \"*\"\n    }\n  ]\n}\n"
                        },
                        "meta": {},
                        "tainted": false
                    },
                    "deposed": [],
                    "provider": "provider.template"
                },
                "data.template_file.instance_profile": {
                    "type": "template_file",
                    "depends_on": [],
                    "primary": {
                        "id": "0ccad7239dc16376e973020cc69b4777b5ce83706227f3062c08f2d3a664ccdb",
                        "attributes": {
                            "id": "0ccad7239dc16376e973020cc69b4777b5ce83706227f3062c08f2d3a664ccdb",
                            "rendered": "{\n  \"Version\": \"2012-10-17\",\n  \"Statement\": [\n    {\n      \"Sid\": \"ecsInstanceRole\",\n      \"Effect\": \"Allow\",\n      \"Action\": [\n        \"ecs:DeregisterContainerInstance\",\n        \"ecs:DiscoverPollEndpoint\",\n        \"ecs:Poll\",\n        \"ecs:RegisterContainerInstance\",\n        \"ecs:Submit*\",\n        \"ecs:StartTelemetrySession\"\n      ],\n      \"Resource\": [\n        \"*\"\n      ]\n    }\n  ]\n}\n",
                            "template": "{\n  \"Version\": \"2012-10-17\",\n  \"Statement\": [\n    {\n      \"Sid\": \"ecsInstanceRole\",\n      \"Effect\": \"Allow\",\n      \"Action\": [\n        \"ecs:DeregisterContainerInstance\",\n        \"ecs:DiscoverPollEndpoint\",\n        \"ecs:Poll\",\n        \"ecs:RegisterContainerInstance\",\n        \"ecs:Submit*\",\n        \"ecs:StartTelemetrySession\"\n      ],\n      \"Resource\": [\n        \"*\"\n      ]\n    }\n  ]\n}\n"
                        },
                        "meta": {},
                        "tainted": false
                    },
                    "deposed": [],
                    "provider": "provider.template"
                }
            },
            "depends_on": []
        },
        {
            "path": [
                "root",
                "vpc",
                "vpc"
            ],
            "outputs": {
                "database_subnet_group": {
                    "sensitive": false,
                    "type": "string",
                    "value": ""
                },
                "database_subnets": {
                    "sensitive": false,
                    "type": "list",
                    "value": []
                },
                "database_subnets_cidr_blocks": {
                    "sensitive": false,
                    "type": "list",
                    "value": []
                },
                "default_network_acl_id": {
                    "sensitive": false,
                    "type": "string",
                    "value": "acl-0807ed7b13c87038b"
                },
                "default_route_table_id": {
                    "sensitive": false,
                    "type": "string",
                    "value": "rtb-044ec173381308116"
                },
                "default_security_group_id": {
                    "sensitive": false,
                    "type": "string",
                    "value": "sg-0ec4475cb64e0c797"
                },
                "default_vpc_cidr_block": {
                    "sensitive": false,
                    "type": "string",
                    "value": ""
                },
                "default_vpc_default_network_acl_id": {
                    "sensitive": false,
                    "type": "string",
                    "value": ""
                },
                "default_vpc_default_route_table_id": {
                    "sensitive": false,
                    "type": "string",
                    "value": ""
                },
                "default_vpc_default_security_group_id": {
                    "sensitive": false,
                    "type": "string",
                    "value": ""
                },
                "default_vpc_enable_dns_hostnames": {
                    "sensitive": false,
                    "type": "string",
                    "value": ""
                },
                "default_vpc_enable_dns_support": {
                    "sensitive": false,
                    "type": "string",
                    "value": ""
                },
                "default_vpc_id": {
                    "sensitive": false,
                    "type": "string",
                    "value": ""
                },
                "default_vpc_instance_tenancy": {
                    "sensitive": false,
                    "type": "string",
                    "value": ""
                },
                "default_vpc_main_route_table_id": {
                    "sensitive": false,
                    "type": "string",
                    "value": ""
                },
                "elasticache_subnet_group": {
                    "sensitive": false,
                    "type": "string",
                    "value": ""
                },
                "elasticache_subnet_group_name": {
                    "sensitive": false,
                    "type": "string",
                    "value": ""
                },
                "elasticache_subnets": {
                    "sensitive": false,
                    "type": "list",
                    "value": []
                },
                "elasticache_subnets_cidr_blocks": {
                    "sensitive": false,
                    "type": "list",
                    "value": []
                },
                "igw_id": {
                    "sensitive": false,
                    "type": "string",
                    "value": "igw-0c4fa336462789602"
                },
                "intra_route_table_ids": {
                    "sensitive": false,
                    "type": "list",
                    "value": []
                },
                "intra_subnets": {
                    "sensitive": false,
                    "type": "list",
                    "value": []
                },
                "intra_subnets_cidr_blocks": {
                    "sensitive": false,
                    "type": "list",
                    "value": []
                },
                "nat_ids": {
                    "sensitive": false,
                    "type": "list",
                    "value": [
                        "eipalloc-03665aff41463d1b3"
                    ]
                },
                "nat_public_ips": {
                    "sensitive": false,
                    "type": "list",
                    "value": [
                        "52.215.137.8"
                    ]
                },
                "natgw_ids": {
                    "sensitive": false,
                    "type": "list",
                    "value": [
                        "nat-057c406fd56e1db34"
                    ]
                },
                "private_route_table_ids": {
                    "sensitive": false,
                    "type": "list",
                    "value": [
                        "rtb-0d63eaa29d390707f"
                    ]
                },
                "private_subnets": {
                    "sensitive": false,
                    "type": "list",
                    "value": [
                        "subnet-03af7ac8e51da569c",
                        "subnet-05fdad58c4cc9f978",
                        "subnet-0517dcfc03770879e"
                    ]
                },
                "private_subnets_cidr_blocks": {
                    "sensitive": false,
                    "type": "list",
                    "value": [
                        "10.0.1.0/24",
                        "10.0.2.0/24",
                        "10.0.3.0/24"
                    ]
                },
                "public_route_table_ids": {
                    "sensitive": false,
                    "type": "list",
                    "value": [
                        "rtb-095ec762fcbb201a5"
                    ]
                },
                "public_subnets": {
                    "sensitive": false,
                    "type": "list",
                    "value": [
                        "subnet-0b8d0a40f78d7bfaf",
                        "subnet-0099dd48e43370367",
                        "subnet-0b2e8e23c19596e0c"
                    ]
                },
                "public_subnets_cidr_blocks": {
                    "sensitive": false,
                    "type": "list",
                    "value": [
                        "10.0.101.0/24",
                        "10.0.102.0/24",
                        "10.0.103.0/24"
                    ]
                },
                "redshift_subnet_group": {
                    "sensitive": false,
                    "type": "string",
                    "value": ""
                },
                "redshift_subnets": {
                    "sensitive": false,
                    "type": "list",
                    "value": []
                },
                "redshift_subnets_cidr_blocks": {
                    "sensitive": false,
                    "type": "list",
                    "value": []
                },
                "vgw_id": {
                    "sensitive": false,
                    "type": "string",
                    "value": ""
                },
                "vpc_cidr_block": {
                    "sensitive": false,
                    "type": "string",
                    "value": "10.0.0.0/16"
                },
                "vpc_enable_dns_hostnames": {
                    "sensitive": false,
                    "type": "string",
                    "value": "true"
                },
                "vpc_enable_dns_support": {
                    "sensitive": false,
                    "type": "string",
                    "value": "true"
                },
                "vpc_endpoint_dynamodb_id": {
                    "sensitive": false,
                    "type": "string",
                    "value": ""
                },
                "vpc_endpoint_dynamodb_pl_id": {
                    "sensitive": false,
                    "type": "string",
                    "value": ""
                },
                "vpc_endpoint_s3_id": {
                    "sensitive": false,
                    "type": "string",
                    "value": ""
                },
                "vpc_endpoint_s3_pl_id": {
                    "sensitive": false,
                    "type": "string",
                    "value": ""
                },
                "vpc_id": {
                    "sensitive": false,
                    "type": "string",
                    "value": "vpc-07fdf06b9b3b767bb"
                },
                "vpc_instance_tenancy": {
                    "sensitive": false,
                    "type": "string",
                    "value": "default"
                },
                "vpc_main_route_table_id": {
                    "sensitive": false,
                    "type": "string",
                    "value": "rtb-044ec173381308116"
                }
            },
            "resources": {
                "aws_eip.nat": {
                    "type": "aws_eip",
                    "depends_on": [
                        "local.nat_gateway_count"
                    ],
                    "primary": {
                        "id": "eipalloc-03665aff41463d1b3",
                        "attributes": {
                            "association_id": "eipassoc-20db06fa",
                            "domain": "vpc",
                            "id": "eipalloc-03665aff41463d1b3",
                            "instance": "",
                            "network_interface": "eni-0d2804230c8941df6",
                            "private_ip": "10.0.101.185",
                            "public_ip": "52.215.137.8",
                            "tags.%": "3",
                            "tags.Environment": "dev",
                            "tags.Name": "dev-vpc-eu-west-1a",
                            "tags.Terraform": "true",
                            "vpc": "true"
                        },
                        "meta": {
                            "e2bfb730-ecaa-11e6-8f88-34363bc7c4c0": {
                                "delete": 180000000000,
                                "read": 900000000000,
                                "update": 300000000000
                            }
                        },
                        "tainted": false
                    },
                    "deposed": [],
                    "provider": "module.vpc.provider.aws"
                },
                "aws_internet_gateway.this": {
                    "type": "aws_internet_gateway",
                    "depends_on": [
                        "aws_vpc.this"
                    ],
                    "primary": {
                        "id": "igw-0c4fa336462789602",
                        "attributes": {
                            "id": "igw-0c4fa336462789602",
                            "tags.%": "3",
                            "tags.Environment": "dev",
                            "tags.Name": "dev-vpc",
                            "tags.Terraform": "true",
                            "vpc_id": "vpc-07fdf06b9b3b767bb"
                        },
                        "meta": {},
                        "tainted": false
                    },
                    "deposed": [],
                    "provider": "module.vpc.provider.aws"
                },
                "aws_nat_gateway.this": {
                    "type": "aws_nat_gateway",
                    "depends_on": [
                        "aws_internet_gateway.this",
                        "aws_subnet.public.*",
                        "local.nat_gateway_count",
                        "local.nat_gateway_ips"
                    ],
                    "primary": {
                        "id": "nat-057c406fd56e1db34",
                        "attributes": {
                            "allocation_id": "eipalloc-03665aff41463d1b3",
                            "id": "nat-057c406fd56e1db34",
                            "network_interface_id": "eni-0d2804230c8941df6",
                            "private_ip": "10.0.101.185",
                            "public_ip": "52.215.137.8",
                            "subnet_id": "subnet-0b8d0a40f78d7bfaf",
                            "tags.%": "3",
                            "tags.Environment": "dev",
                            "tags.Name": "dev-vpc-eu-west-1a",
                            "tags.Terraform": "true"
                        },
                        "meta": {},
                        "tainted": false
                    },
                    "deposed": [],
                    "provider": "module.vpc.provider.aws"
                },
                "aws_route.private_nat_gateway": {
                    "type": "aws_route",
                    "depends_on": [
                        "aws_nat_gateway.this.*",
                        "aws_route_table.private.*",
                        "local.nat_gateway_count"
                    ],
                    "primary": {
                        "id": "r-rtb-0d63eaa29d390707f1080289494",
                        "attributes": {
                            "destination_cidr_block": "0.0.0.0/0",
                            "destination_prefix_list_id": "",
                            "egress_only_gateway_id": "",
                            "gateway_id": "",
                            "id": "r-rtb-0d63eaa29d390707f1080289494",
                            "instance_id": "",
                            "instance_owner_id": "",
                            "nat_gateway_id": "nat-057c406fd56e1db34",
                            "network_interface_id": "",
                            "origin": "CreateRoute",
                            "route_table_id": "rtb-0d63eaa29d390707f",
                            "state": "active",
                            "vpc_peering_connection_id": ""
                        },
                        "meta": {
                            "e2bfb730-ecaa-11e6-8f88-34363bc7c4c0": {
                                "create": 300000000000,
                                "delete": 300000000000
                            }
                        },
                        "tainted": false
                    },
                    "deposed": [],
                    "provider": "module.vpc.provider.aws"
                },
                "aws_route.public_internet_gateway": {
                    "type": "aws_route",
                    "depends_on": [
                        "aws_internet_gateway.this",
                        "aws_route_table.public"
                    ],
                    "primary": {
                        "id": "r-rtb-095ec762fcbb201a51080289494",
                        "attributes": {
                            "destination_cidr_block": "0.0.0.0/0",
                            "destination_prefix_list_id": "",
                            "egress_only_gateway_id": "",
                            "gateway_id": "igw-0c4fa336462789602",
                            "id": "r-rtb-095ec762fcbb201a51080289494",
                            "instance_id": "",
                            "instance_owner_id": "",
                            "nat_gateway_id": "",
                            "network_interface_id": "",
                            "origin": "CreateRoute",
                            "route_table_id": "rtb-095ec762fcbb201a5",
                            "state": "active",
                            "vpc_peering_connection_id": ""
                        },
                        "meta": {
                            "e2bfb730-ecaa-11e6-8f88-34363bc7c4c0": {
                                "create": 300000000000,
                                "delete": 300000000000
                            }
                        },
                        "tainted": false
                    },
                    "deposed": [],
                    "provider": "module.vpc.provider.aws"
                },
                "aws_route_table.private": {
                    "type": "aws_route_table",
                    "depends_on": [
                        "aws_vpc.this",
                        "local.max_subnet_length",
                        "local.nat_gateway_count"
                    ],
                    "primary": {
                        "id": "rtb-0d63eaa29d390707f",
                        "attributes": {
                            "id": "rtb-0d63eaa29d390707f",
                            "propagating_vgws.#": "0",
                            "route.#": "1",
                            "route.3406132933.cidr_block": "0.0.0.0/0",
                            "route.3406132933.egress_only_gateway_id": "",
                            "route.3406132933.gateway_id": "",
                            "route.3406132933.instance_id": "",
                            "route.3406132933.ipv6_cidr_block": "",
                            "route.3406132933.nat_gateway_id": "nat-057c406fd56e1db34",
                            "route.3406132933.network_interface_id": "",
                            "route.3406132933.vpc_peering_connection_id": "",
                            "tags.%": "3",
                            "tags.Environment": "dev",
                            "tags.Name": "dev-vpc-private",
                            "tags.Terraform": "true",
                            "vpc_id": "vpc-07fdf06b9b3b767bb"
                        },
                        "meta": {},
                        "tainted": false
                    },
                    "deposed": [],
                    "provider": "module.vpc.provider.aws"
                },
                "aws_route_table.public": {
                    "type": "aws_route_table",
                    "depends_on": [
                        "aws_vpc.this"
                    ],
                    "primary": {
                        "id": "rtb-095ec762fcbb201a5",
                        "attributes": {
                            "id": "rtb-095ec762fcbb201a5",
                            "propagating_vgws.#": "0",
                            "route.#": "1",
                            "route.3335508855.cidr_block": "0.0.0.0/0",
                            "route.3335508855.egress_only_gateway_id": "",
                            "route.3335508855.gateway_id": "igw-0c4fa336462789602",
                            "route.3335508855.instance_id": "",
                            "route.3335508855.ipv6_cidr_block": "",
                            "route.3335508855.nat_gateway_id": "",
                            "route.3335508855.network_interface_id": "",
                            "route.3335508855.vpc_peering_connection_id": "",
                            "tags.%": "3",
                            "tags.Environment": "dev",
                            "tags.Name": "dev-vpc-public",
                            "tags.Terraform": "true",
                            "vpc_id": "vpc-07fdf06b9b3b767bb"
                        },
                        "meta": {},
                        "tainted": false
                    },
                    "deposed": [],
                    "provider": "module.vpc.provider.aws"
                },
                "aws_route_table_association.private.0": {
                    "type": "aws_route_table_association",
                    "depends_on": [
                        "aws_route_table.private.*",
                        "aws_subnet.private.*"
                    ],
                    "primary": {
                        "id": "rtbassoc-01a24877058427e3b",
                        "attributes": {
                            "id": "rtbassoc-01a24877058427e3b",
                            "route_table_id": "rtb-0d63eaa29d390707f",
                            "subnet_id": "subnet-03af7ac8e51da569c"
                        },
                        "meta": {},
                        "tainted": false
                    },
                    "deposed": [],
                    "provider": "module.vpc.provider.aws"
                },
                "aws_route_table_association.private.1": {
                    "type": "aws_route_table_association",
                    "depends_on": [
                        "aws_route_table.private.*",
                        "aws_subnet.private.*"
                    ],
                    "primary": {
                        "id": "rtbassoc-05db3e43555d49ac4",
                        "attributes": {
                            "id": "rtbassoc-05db3e43555d49ac4",
                            "route_table_id": "rtb-0d63eaa29d390707f",
                            "subnet_id": "subnet-05fdad58c4cc9f978"
                        },
                        "meta": {},
                        "tainted": false
                    },
                    "deposed": [],
                    "provider": "module.vpc.provider.aws"
                },
                "aws_route_table_association.private.2": {
                    "type": "aws_route_table_association",
                    "depends_on": [
                        "aws_route_table.private.*",
                        "aws_subnet.private.*"
                    ],
                    "primary": {
                        "id": "rtbassoc-08e382750b0fb932c",
                        "attributes": {
                            "id": "rtbassoc-08e382750b0fb932c",
                            "route_table_id": "rtb-0d63eaa29d390707f",
                            "subnet_id": "subnet-0517dcfc03770879e"
                        },
                        "meta": {},
                        "tainted": false
                    },
                    "deposed": [],
                    "provider": "module.vpc.provider.aws"
                },
                "aws_route_table_association.public.0": {
                    "type": "aws_route_table_association",
                    "depends_on": [
                        "aws_route_table.public",
                        "aws_subnet.public.*"
                    ],
                    "primary": {
                        "id": "rtbassoc-04ee3bb84ed5923f1",
                        "attributes": {
                            "id": "rtbassoc-04ee3bb84ed5923f1",
                            "route_table_id": "rtb-095ec762fcbb201a5",
                            "subnet_id": "subnet-0b8d0a40f78d7bfaf"
                        },
                        "meta": {},
                        "tainted": false
                    },
                    "deposed": [],
                    "provider": "module.vpc.provider.aws"
                },
                "aws_route_table_association.public.1": {
                    "type": "aws_route_table_association",
                    "depends_on": [
                        "aws_route_table.public",
                        "aws_subnet.public.*"
                    ],
                    "primary": {
                        "id": "rtbassoc-0338757cc34e093e2",
                        "attributes": {
                            "id": "rtbassoc-0338757cc34e093e2",
                            "route_table_id": "rtb-095ec762fcbb201a5",
                            "subnet_id": "subnet-0099dd48e43370367"
                        },
                        "meta": {},
                        "tainted": false
                    },
                    "deposed": [],
                    "provider": "module.vpc.provider.aws"
                },
                "aws_route_table_association.public.2": {
                    "type": "aws_route_table_association",
                    "depends_on": [
                        "aws_route_table.public",
                        "aws_subnet.public.*"
                    ],
                    "primary": {
                        "id": "rtbassoc-0ecea506003bec0ea",
                        "attributes": {
                            "id": "rtbassoc-0ecea506003bec0ea",
                            "route_table_id": "rtb-095ec762fcbb201a5",
                            "subnet_id": "subnet-0b2e8e23c19596e0c"
                        },
                        "meta": {},
                        "tainted": false
                    },
                    "deposed": [],
                    "provider": "module.vpc.provider.aws"
                },
                "aws_subnet.private.0": {
                    "type": "aws_subnet",
                    "depends_on": [
                        "aws_vpc.this"
                    ],
                    "primary": {
                        "id": "subnet-03af7ac8e51da569c",
                        "attributes": {
                            "assign_ipv6_address_on_creation": "false",
                            "availability_zone": "eu-west-1a",
                            "cidr_block": "10.0.1.0/24",
                            "id": "subnet-03af7ac8e51da569c",
                            "map_public_ip_on_launch": "false",
                            "tags.%": "4",
                            "tags.Environment": "dev",
                            "tags.Name": "dev-vpc-private-eu-west-1a",
                            "tags.Terraform": "true",
                            "tags.Tier": "private",
                            "vpc_id": "vpc-07fdf06b9b3b767bb"
                        },
                        "meta": {
                            "schema_version": "1"
                        },
                        "tainted": false
                    },
                    "deposed": [],
                    "provider": "module.vpc.provider.aws"
                },
                "aws_subnet.private.1": {
                    "type": "aws_subnet",
                    "depends_on": [
                        "aws_vpc.this"
                    ],
                    "primary": {
                        "id": "subnet-05fdad58c4cc9f978",
                        "attributes": {
                            "assign_ipv6_address_on_creation": "false",
                            "availability_zone": "eu-west-1b",
                            "cidr_block": "10.0.2.0/24",
                            "id": "subnet-05fdad58c4cc9f978",
                            "map_public_ip_on_launch": "false",
                            "tags.%": "4",
                            "tags.Environment": "dev",
                            "tags.Name": "dev-vpc-private-eu-west-1b",
                            "tags.Terraform": "true",
                            "tags.Tier": "private",
                            "vpc_id": "vpc-07fdf06b9b3b767bb"
                        },
                        "meta": {
                            "schema_version": "1"
                        },
                        "tainted": false
                    },
                    "deposed": [],
                    "provider": "module.vpc.provider.aws"
                },
                "aws_subnet.private.2": {
                    "type": "aws_subnet",
                    "depends_on": [
                        "aws_vpc.this"
                    ],
                    "primary": {
                        "id": "subnet-0517dcfc03770879e",
                        "attributes": {
                            "assign_ipv6_address_on_creation": "false",
                            "availability_zone": "eu-west-1c",
                            "cidr_block": "10.0.3.0/24",
                            "id": "subnet-0517dcfc03770879e",
                            "map_public_ip_on_launch": "false",
                            "tags.%": "4",
                            "tags.Environment": "dev",
                            "tags.Name": "dev-vpc-private-eu-west-1c",
                            "tags.Terraform": "true",
                            "tags.Tier": "private",
                            "vpc_id": "vpc-07fdf06b9b3b767bb"
                        },
                        "meta": {
                            "schema_version": "1"
                        },
                        "tainted": false
                    },
                    "deposed": [],
                    "provider": "module.vpc.provider.aws"
                },
                "aws_subnet.public.0": {
                    "type": "aws_subnet",
                    "depends_on": [
                        "aws_vpc.this"
                    ],
                    "primary": {
                        "id": "subnet-0b8d0a40f78d7bfaf",
                        "attributes": {
                            "assign_ipv6_address_on_creation": "false",
                            "availability_zone": "eu-west-1a",
                            "cidr_block": "10.0.101.0/24",
                            "id": "subnet-0b8d0a40f78d7bfaf",
                            "map_public_ip_on_launch": "true",
                            "tags.%": "4",
                            "tags.Environment": "dev",
                            "tags.Name": "dev-vpc-public-eu-west-1a",
                            "tags.Terraform": "true",
                            "tags.Tier": "public",
                            "vpc_id": "vpc-07fdf06b9b3b767bb"
                        },
                        "meta": {
                            "schema_version": "1"
                        },
                        "tainted": false
                    },
                    "deposed": [],
                    "provider": "module.vpc.provider.aws"
                },
                "aws_subnet.public.1": {
                    "type": "aws_subnet",
                    "depends_on": [
                        "aws_vpc.this"
                    ],
                    "primary": {
                        "id": "subnet-0099dd48e43370367",
                        "attributes": {
                            "assign_ipv6_address_on_creation": "false",
                            "availability_zone": "eu-west-1b",
                            "cidr_block": "10.0.102.0/24",
                            "id": "subnet-0099dd48e43370367",
                            "map_public_ip_on_launch": "true",
                            "tags.%": "4",
                            "tags.Environment": "dev",
                            "tags.Name": "dev-vpc-public-eu-west-1b",
                            "tags.Terraform": "true",
                            "tags.Tier": "public",
                            "vpc_id": "vpc-07fdf06b9b3b767bb"
                        },
                        "meta": {
                            "schema_version": "1"
                        },
                        "tainted": false
                    },
                    "deposed": [],
                    "provider": "module.vpc.provider.aws"
                },
                "aws_subnet.public.2": {
                    "type": "aws_subnet",
                    "depends_on": [
                        "aws_vpc.this"
                    ],
                    "primary": {
                        "id": "subnet-0b2e8e23c19596e0c",
                        "attributes": {
                            "assign_ipv6_address_on_creation": "false",
                            "availability_zone": "eu-west-1c",
                            "cidr_block": "10.0.103.0/24",
                            "id": "subnet-0b2e8e23c19596e0c",
                            "map_public_ip_on_launch": "true",
                            "tags.%": "4",
                            "tags.Environment": "dev",
                            "tags.Name": "dev-vpc-public-eu-west-1c",
                            "tags.Terraform": "true",
                            "tags.Tier": "public",
                            "vpc_id": "vpc-07fdf06b9b3b767bb"
                        },
                        "meta": {
                            "schema_version": "1"
                        },
                        "tainted": false
                    },
                    "deposed": [],
                    "provider": "module.vpc.provider.aws"
                },
                "aws_vpc.this": {
                    "type": "aws_vpc",
                    "depends_on": [],
                    "primary": {
                        "id": "vpc-07fdf06b9b3b767bb",
                        "attributes": {
                            "arn": "arn:aws:ec2:eu-west-1:506127536868:vpc/vpc-07fdf06b9b3b767bb",
                            "assign_generated_ipv6_cidr_block": "false",
                            "cidr_block": "10.0.0.0/16",
                            "default_network_acl_id": "acl-0807ed7b13c87038b",
                            "default_route_table_id": "rtb-044ec173381308116",
                            "default_security_group_id": "sg-0ec4475cb64e0c797",
                            "dhcp_options_id": "dopt-f81c709c",
                            "enable_classiclink": "false",
                            "enable_classiclink_dns_support": "false",
                            "enable_dns_hostnames": "true",
                            "enable_dns_support": "true",
                            "id": "vpc-07fdf06b9b3b767bb",
                            "instance_tenancy": "default",
                            "main_route_table_id": "rtb-044ec173381308116",
                            "tags.%": "3",
                            "tags.Environment": "dev",
                            "tags.Name": "dev-vpc",
                            "tags.Terraform": "true"
                        },
                        "meta": {
                            "schema_version": "1"
                        },
                        "tainted": false
                    },
                    "deposed": [],
                    "provider": "module.vpc.provider.aws"
                }
            },
            "depends_on": []
        }
    ]
}
